PODS:
  - PusherSwift (4.0.1)
  - SwiftyJSON (3.1.4)

DEPENDENCIES:
  - PusherSwift
  - SwiftyJSON (~> 3.1.4)

SPEC CHECKSUMS:
  PusherSwift: 8249a1c3634943cf7e1e9a691468357d53ab7e5f
  SwiftyJSON: c2842d878f95482ffceec5709abc3d05680c0220

PODFILE CHECKSUM: a96965b1a1683a81049b6e85557e627e7d95ebdb

COCOAPODS: 1.2.0
