PODS:
  - Alamofire (4.4.0)
  - Cartography (1.0.1)
  - Charts (3.0.1):
    - Charts/Core (= 3.0.1)
  - Charts/Core (3.0.1)
  - Kingfisher (3.4.0)
  - PromiseKit (4.1.7):
    - PromiseKit/Foundation (= 4.1.7)
    - PromiseKit/QuartzCore (= 4.1.7)
    - PromiseKit/UIKit (= 4.1.7)
  - PromiseKit/CorePromise (4.1.7)
  - PromiseKit/Foundation (4.1.7):
    - PromiseKit/CorePromise
  - PromiseKit/QuartzCore (4.1.7):
    - PromiseKit/CorePromise
  - PromiseKit/UIKit (4.1.7):
    - PromiseKit/CorePromise
  - PusherSwift (4.0.1)
  - RelativeFormatter (0.8.3)
  - SwiftRichString (0.9.4)
  - SwiftyJSON (3.1.4)

DEPENDENCIES:
  - Alamofire (~> 4.4)
  - Cartography
  - Charts
  - Kingfisher (~> 3.4)
  - PromiseKit
  - PromiseKit/UIKit (~> 4.0)
  - PusherSwift
  - RelativeFormatter
  - SwiftRichString
  - SwiftyJSON (~> 3.1.4)

SPEC CHECKSUMS:
  Alamofire: dc44b1600b800eb63da6a19039a0083d62a6a62d
  Cartography: c1460e99395b824d9d75360b0382faeb0b33dcd7
  Charts: 0e84f4418e87dad6a9edde221fba37ebb51d3ba7
  Kingfisher: 5690cfb3d1bddf3a98d679a3a34d0b7294974ed2
  PromiseKit: 779f2e41faf62d854e7593026ddbcb0bb5c5002d
  PusherSwift: 8249a1c3634943cf7e1e9a691468357d53ab7e5f
  RelativeFormatter: 13508ccd19bbab46ca95cf847a0db6e80601c9a4
  SwiftRichString: f09656f5d44b07fc4423225f96eab43e463221e6
  SwiftyJSON: c2842d878f95482ffceec5709abc3d05680c0220

PODFILE CHECKSUM: 9d0aed75259a78571fb9959fddba82491c215064

COCOAPODS: 1.2.0
