PODS:
  - Alamofire (4.5.0)
  - Cartography (1.1.0)
  - Charts (3.0.2):
    - Charts/Core (= 3.0.2)
  - Charts/Core (3.0.2)
  - FocusGuideHelper (0.1.0)
  - FontAwesomeKit (2.2.1):
    - FontAwesomeKit/Core (= 2.2.1)
    - FontAwesomeKit/FontAwesome (= 2.2.1)
    - FontAwesomeKit/FoundationIcons (= 2.2.1)
    - FontAwesomeKit/IonIcons (= 2.2.1)
    - FontAwesomeKit/Material (= 2.2.1)
    - FontAwesomeKit/Octicons (= 2.2.1)
    - FontAwesomeKit/Zocial (= 2.2.1)
  - FontAwesomeKit/Core (2.2.1)
  - FontAwesomeKit/FontAwesome (2.2.1):
    - FontAwesomeKit/Core
  - FontAwesomeKit/FoundationIcons (2.2.1):
    - FontAwesomeKit/Core
  - FontAwesomeKit/IonIcons (2.2.1):
    - FontAwesomeKit/Core
  - FontAwesomeKit/Material (2.2.1):
    - FontAwesomeKit/Core
  - FontAwesomeKit/Octicons (2.2.1):
    - FontAwesomeKit/Core
  - FontAwesomeKit/Zocial (2.2.1):
    - FontAwesomeKit/Core
  - GridView (0.1.3)
  - Kingfisher (3.10.3)
  - NVActivityIndicatorView (3.7.0):
    - NVActivityIndicatorView/Presenter (= 3.7.0)
  - NVActivityIndicatorView/Presenter (3.7.0)
  - PromiseKit (4.2.2):
    - PromiseKit/Foundation (= 4.2.2)
    - PromiseKit/QuartzCore (= 4.2.2)
    - PromiseKit/UIKit (= 4.2.2)
  - PromiseKit/CorePromise (4.2.2)
  - PromiseKit/Foundation (4.2.2):
    - PromiseKit/CorePromise
  - PromiseKit/QuartzCore (4.2.2):
    - PromiseKit/CorePromise
  - PromiseKit/UIKit (4.2.2):
    - PromiseKit/CorePromise
  - PusherSwift (4.2.0)
  - RelativeFormatter (0.8.3)
  - Starscream (2.1.0)
  - SwiftRichString (0.9.9)
  - SwiftyJSON (3.1.4)
  - TvCodeScreen (0.1.1)
  - TvLightSegments (0.2.3):
    - Cartography (~> 1.1)

DEPENDENCIES:
  - Alamofire (~> 4.5)
  - Cartography
  - Charts
  - FocusGuideHelper (~> 0.1.0)
  - FontAwesomeKit (~> 2.2.0)
  - GridView (~> 0.1.3)
  - Kingfisher (~> 3.4)
  - NVActivityIndicatorView (~> 3.5)
  - PromiseKit
  - PromiseKit/UIKit (~> 4.0)
  - PusherSwift
  - RelativeFormatter
  - Starscream
  - SwiftRichString
  - SwiftyJSON (~> 3.1.4)
  - TvCodeScreen (~> 0.1.1)
  - TvLightSegments (~> 0.2.3)

SPEC CHECKSUMS:
  Alamofire: f28cdffd29de33a7bfa022cbd63ae95a27fae140
  Cartography: 0538ccb4044acbbda2266335fc58cb4228794d90
  Charts: 236d6ccdd0ce6feae151d89e829a7397381a21fd
  FocusGuideHelper: 69f901fe857bd19db6068eb2ef9bda5f25fa4916
  FontAwesomeKit: 3614979b3dbb0ec3f7fac1bd760b91f66c31db67
  GridView: df9bb15be23d674b8797a972c04de30b7bf665c0
  Kingfisher: a0ac82dc5bcf0388dd74b294cf2cc13730c63436
  NVActivityIndicatorView: d3738df7e2e476aca0ba6bf32a8c9fbcfc33d64b
  PromiseKit: 00e8886881f151c7e573d06b437915b0bb2970ec
  PusherSwift: d96332dfe22b93f15cec4c1034ce34f667f7f72f
  RelativeFormatter: 13508ccd19bbab46ca95cf847a0db6e80601c9a4
  Starscream: 168fd64c345fb2dea71b0a869c482aeffcf866e4
  SwiftRichString: 44e99361a01e7e6c27e194b8af079c0e344bab8c
  SwiftyJSON: c2842d878f95482ffceec5709abc3d05680c0220
  TvCodeScreen: 27871aa105f80730b5a46f61da6144dd44fda7d1
  TvLightSegments: 658d67891e3c9b83f1fffa86072a87306cfa0319

PODFILE CHECKSUM: 9aaf2de18d8023592b4c19d418fc6750fe52d91a

COCOAPODS: 1.2.1
