// !$*UTF8*$!
{
	archiveVersion = 1;
	classes = {
	};
	objectVersion = 46;
	objects = {

/* Begin PBXBuildFile section */
		89276ED81E54BBE800D99D4E /* SubscriberCell.swift in Sources */ = {isa = PBXBuildFile; fileRef = 89276ED71E54BBE800D99D4E /* SubscriberCell.swift */; };
		892DD7C41E5624F1000482C0 /* TravisBuildRegister.swift in Sources */ = {isa = PBXBuildFile; fileRef = 892DD7C31E5624F1000482C0 /* TravisBuildRegister.swift */; };
		892E73DC1E589378007483E1 /* CellCommitsFeed.swift in Sources */ = {isa = PBXBuildFile; fileRef = 892E73D81E589378007483E1 /* CellCommitsFeed.swift */; };
		892E73DD1E589378007483E1 /* CellCommitsFeed.xib in Resources */ = {isa = PBXBuildFile; fileRef = 892E73D91E589378007483E1 /* CellCommitsFeed.xib */; };
		892E73DE1E589378007483E1 /* CellCommitsFeedTableCell.swift in Sources */ = {isa = PBXBuildFile; fileRef = 892E73DA1E589378007483E1 /* CellCommitsFeedTableCell.swift */; };
		892E73DF1E589378007483E1 /* CellCommitsFeedTableCell.xib in Resources */ = {isa = PBXBuildFile; fileRef = 892E73DB1E589378007483E1 /* CellCommitsFeedTableCell.xib */; };
		892E73E31E58A581007483E1 /* CellTeamCommits.swift in Sources */ = {isa = PBXBuildFile; fileRef = 892E73E21E58A581007483E1 /* CellTeamCommits.swift */; };
		892E73E51E58A59B007483E1 /* CellTeamCommits.xib in Resources */ = {isa = PBXBuildFile; fileRef = 892E73E41E58A59B007483E1 /* CellTeamCommits.xib */; };
		892E73E81E58F487007483E1 /* CellCloudPerformance.swift in Sources */ = {isa = PBXBuildFile; fileRef = 892E73E71E58F487007483E1 /* CellCloudPerformance.swift */; };
		892E73EA1E58F56F007483E1 /* CellCloudPerformance.xib in Resources */ = {isa = PBXBuildFile; fileRef = 892E73E91E58F56F007483E1 /* CellCloudPerformance.xib */; };
		89B337F31E48BB9F00610EA3 /* AppDelegate.swift in Sources */ = {isa = PBXBuildFile; fileRef = 89B337F21E48BB9F00610EA3 /* AppDelegate.swift */; };
		89B337F51E48BB9F00610EA3 /* MainViewController.swift in Sources */ = {isa = PBXBuildFile; fileRef = 89B337F41E48BB9F00610EA3 /* MainViewController.swift */; };
		89B337F81E48BB9F00610EA3 /* Main.storyboard in Resources */ = {isa = PBXBuildFile; fileRef = 89B337F61E48BB9F00610EA3 /* Main.storyboard */; };
		89B337FA1E48BB9F00610EA3 /* Assets.xcassets in Resources */ = {isa = PBXBuildFile; fileRef = 89B337F91E48BB9F00610EA3 /* Assets.xcassets */; };
		89B338021E48C08400610EA3 /* SlotableCell.swift in Sources */ = {isa = PBXBuildFile; fileRef = 89B338011E48C08400610EA3 /* SlotableCell.swift */; };
		89B338051E48C0DE00610EA3 /* CellPlaceholderSmall.swift in Sources */ = {isa = PBXBuildFile; fileRef = 89B338041E48C0DE00610EA3 /* CellPlaceholderSmall.swift */; };
		89B338071E48C13200610EA3 /* CellPlaceholderWidthTwo.swift in Sources */ = {isa = PBXBuildFile; fileRef = 89B338061E48C13200610EA3 /* CellPlaceholderWidthTwo.swift */; };
		89B338091E48C18C00610EA3 /* CellPlaceholderHeightTwo.swift in Sources */ = {isa = PBXBuildFile; fileRef = 89B338081E48C18C00610EA3 /* CellPlaceholderHeightTwo.swift */; };
		89B3380B1E48C1C400610EA3 /* CellPlaceholderTwoXTwo.swift in Sources */ = {isa = PBXBuildFile; fileRef = 89B3380A1E48C1C400610EA3 /* CellPlaceholderTwoXTwo.swift */; };
		89B3380D1E48C34E00610EA3 /* GridConfiguration.swift in Sources */ = {isa = PBXBuildFile; fileRef = 89B3380C1E48C34E00610EA3 /* GridConfiguration.swift */; };
		89B3380F1E48C42200610EA3 /* GridLayout.swift in Sources */ = {isa = PBXBuildFile; fileRef = 89B3380E1E48C42200610EA3 /* GridLayout.swift */; };
		89B338111E49ED2400610EA3 /* CellPlaceholderSmall.xib in Resources */ = {isa = PBXBuildFile; fileRef = 89B338101E49ED2400610EA3 /* CellPlaceholderSmall.xib */; };
		89B338131E49F5EA00610EA3 /* CellPlaceholderWidthTwo.xib in Resources */ = {isa = PBXBuildFile; fileRef = 89B338121E49F5EA00610EA3 /* CellPlaceholderWidthTwo.xib */; };
		89B338151E49F60200610EA3 /* CellPlaceholderHeightTwo.xib in Resources */ = {isa = PBXBuildFile; fileRef = 89B338141E49F60200610EA3 /* CellPlaceholderHeightTwo.xib */; };
		89B338171E49F61300610EA3 /* CellPlaceholderTwoXTwo.xib in Resources */ = {isa = PBXBuildFile; fileRef = 89B338161E49F61300610EA3 /* CellPlaceholderTwoXTwo.xib */; };
		89B338191E49F7A400610EA3 /* StalkrExtensions.swift in Sources */ = {isa = PBXBuildFile; fileRef = 89B338181E49F7A400610EA3 /* StalkrExtensions.swift */; };
		89C467551E596250003CF8F2 /* CellDeployStatus.swift in Sources */ = {isa = PBXBuildFile; fileRef = 89C467541E596250003CF8F2 /* CellDeployStatus.swift */; };
		89C467571E596258003CF8F2 /* CellDeployStatus.xib in Resources */ = {isa = PBXBuildFile; fileRef = 89C467561E596258003CF8F2 /* CellDeployStatus.xib */; };
		89C994AB1E547C6E00DBADBA /* CellTrevis.swift in Sources */ = {isa = PBXBuildFile; fileRef = 89C994AA1E547C6E00DBADBA /* CellTrevis.swift */; };
		89C994AD1E547CDE00DBADBA /* CellTrevis.xib in Resources */ = {isa = PBXBuildFile; fileRef = 89C994AC1E547CDE00DBADBA /* CellTrevis.xib */; };
		89C994CB1E54820900DBADBA /* CellTrevisTableCell.xib in Resources */ = {isa = PBXBuildFile; fileRef = 89C994CA1E54820900DBADBA /* CellTrevisTableCell.xib */; };
		89C994CD1E5482C900DBADBA /* CellTrevisTableCell.swift in Sources */ = {isa = PBXBuildFile; fileRef = 89C994CC1E5482C900DBADBA /* CellTrevisTableCell.swift */; };
		91895BF7AD0056EDD4A683AD /* Pods_stalkr.framework in Frameworks */ = {isa = PBXBuildFile; fileRef = 2584928AB2DB6CF074F0769D /* Pods_stalkr.framework */; };
		CE3DC3121E54807D008F88EE /* ProjectTableViewController.swift in Sources */ = {isa = PBXBuildFile; fileRef = CE3DC3111E54807D008F88EE /* ProjectTableViewController.swift */; };
		CE85B3CE1E5349D900DA7287 /* SegmentedViewController.swift in Sources */ = {isa = PBXBuildFile; fileRef = CE85B3CD1E5349D900DA7287 /* SegmentedViewController.swift */; };
		CE9C311A1E573AD900078AE4 /* ProjectIcon.png in Resources */ = {isa = PBXBuildFile; fileRef = CE9C31191E573AD900078AE4 /* ProjectIcon.png */; };
		CEE8497A1E55EF840033F512 /* DashboardProtocol.swift in Sources */ = {isa = PBXBuildFile; fileRef = CEE849791E55EF840033F512 /* DashboardProtocol.swift */; };
		CEE8497C1E55F18F0033F512 /* ProjectViewProtocol.swift in Sources */ = {isa = PBXBuildFile; fileRef = CEE8497B1E55F18F0033F512 /* ProjectViewProtocol.swift */; };
/* End PBXBuildFile section */

/* Begin PBXFileReference section */
		2584928AB2DB6CF074F0769D /* Pods_stalkr.framework */ = {isa = PBXFileReference; explicitFileType = wrapper.framework; includeInIndex = 0; path = Pods_stalkr.framework; sourceTree = BUILT_PRODUCTS_DIR; };
		89276ED71E54BBE800D99D4E /* SubscriberCell.swift */ = {isa = PBXFileReference; fileEncoding = 4; lastKnownFileType = sourcecode.swift; path = SubscriberCell.swift; sourceTree = "<group>"; };
		892DD7C31E5624F1000482C0 /* TravisBuildRegister.swift */ = {isa = PBXFileReference; fileEncoding = 4; lastKnownFileType = sourcecode.swift; path = TravisBuildRegister.swift; sourceTree = "<group>"; };
		892E73D81E589378007483E1 /* CellCommitsFeed.swift */ = {isa = PBXFileReference; fileEncoding = 4; lastKnownFileType = sourcecode.swift; path = CellCommitsFeed.swift; sourceTree = "<group>"; };
		892E73D91E589378007483E1 /* CellCommitsFeed.xib */ = {isa = PBXFileReference; fileEncoding = 4; lastKnownFileType = file.xib; path = CellCommitsFeed.xib; sourceTree = "<group>"; };
		892E73DA1E589378007483E1 /* CellCommitsFeedTableCell.swift */ = {isa = PBXFileReference; fileEncoding = 4; lastKnownFileType = sourcecode.swift; path = CellCommitsFeedTableCell.swift; sourceTree = "<group>"; };
		892E73DB1E589378007483E1 /* CellCommitsFeedTableCell.xib */ = {isa = PBXFileReference; fileEncoding = 4; lastKnownFileType = file.xib; path = CellCommitsFeedTableCell.xib; sourceTree = "<group>"; };
		892E73E21E58A581007483E1 /* CellTeamCommits.swift */ = {isa = PBXFileReference; fileEncoding = 4; lastKnownFileType = sourcecode.swift; path = CellTeamCommits.swift; sourceTree = "<group>"; };
		892E73E41E58A59B007483E1 /* CellTeamCommits.xib */ = {isa = PBXFileReference; fileEncoding = 4; lastKnownFileType = file.xib; path = CellTeamCommits.xib; sourceTree = "<group>"; };
		892E73E71E58F487007483E1 /* CellCloudPerformance.swift */ = {isa = PBXFileReference; fileEncoding = 4; lastKnownFileType = sourcecode.swift; path = CellCloudPerformance.swift; sourceTree = "<group>"; };
		892E73E91E58F56F007483E1 /* CellCloudPerformance.xib */ = {isa = PBXFileReference; fileEncoding = 4; lastKnownFileType = file.xib; path = CellCloudPerformance.xib; sourceTree = "<group>"; };
		89B337EF1E48BB9F00610EA3 /* stalkr.app */ = {isa = PBXFileReference; explicitFileType = wrapper.application; includeInIndex = 0; path = stalkr.app; sourceTree = BUILT_PRODUCTS_DIR; };
		89B337F21E48BB9F00610EA3 /* AppDelegate.swift */ = {isa = PBXFileReference; lastKnownFileType = sourcecode.swift; path = AppDelegate.swift; sourceTree = "<group>"; };
		89B337F41E48BB9F00610EA3 /* MainViewController.swift */ = {isa = PBXFileReference; lastKnownFileType = sourcecode.swift; path = MainViewController.swift; sourceTree = "<group>"; };
		89B337F71E48BB9F00610EA3 /* Base */ = {isa = PBXFileReference; lastKnownFileType = file.storyboard; name = Base; path = Base.lproj/Main.storyboard; sourceTree = "<group>"; };
		89B337F91E48BB9F00610EA3 /* Assets.xcassets */ = {isa = PBXFileReference; lastKnownFileType = folder.assetcatalog; path = Assets.xcassets; sourceTree = "<group>"; };
		89B337FB1E48BB9F00610EA3 /* Info.plist */ = {isa = PBXFileReference; lastKnownFileType = text.plist.xml; path = Info.plist; sourceTree = "<group>"; };
		89B338011E48C08400610EA3 /* SlotableCell.swift */ = {isa = PBXFileReference; fileEncoding = 4; lastKnownFileType = sourcecode.swift; path = SlotableCell.swift; sourceTree = "<group>"; };
		89B338041E48C0DE00610EA3 /* CellPlaceholderSmall.swift */ = {isa = PBXFileReference; fileEncoding = 4; lastKnownFileType = sourcecode.swift; path = CellPlaceholderSmall.swift; sourceTree = "<group>"; };
		89B338061E48C13200610EA3 /* CellPlaceholderWidthTwo.swift */ = {isa = PBXFileReference; fileEncoding = 4; lastKnownFileType = sourcecode.swift; path = CellPlaceholderWidthTwo.swift; sourceTree = "<group>"; };
		89B338081E48C18C00610EA3 /* CellPlaceholderHeightTwo.swift */ = {isa = PBXFileReference; fileEncoding = 4; lastKnownFileType = sourcecode.swift; path = CellPlaceholderHeightTwo.swift; sourceTree = "<group>"; };
		89B3380A1E48C1C400610EA3 /* CellPlaceholderTwoXTwo.swift */ = {isa = PBXFileReference; fileEncoding = 4; lastKnownFileType = sourcecode.swift; path = CellPlaceholderTwoXTwo.swift; sourceTree = "<group>"; };
		89B3380C1E48C34E00610EA3 /* GridConfiguration.swift */ = {isa = PBXFileReference; fileEncoding = 4; lastKnownFileType = sourcecode.swift; path = GridConfiguration.swift; sourceTree = "<group>"; };
		89B3380E1E48C42200610EA3 /* GridLayout.swift */ = {isa = PBXFileReference; fileEncoding = 4; lastKnownFileType = sourcecode.swift; path = GridLayout.swift; sourceTree = "<group>"; };
		89B338101E49ED2400610EA3 /* CellPlaceholderSmall.xib */ = {isa = PBXFileReference; fileEncoding = 4; lastKnownFileType = file.xib; path = CellPlaceholderSmall.xib; sourceTree = "<group>"; };
		89B338121E49F5EA00610EA3 /* CellPlaceholderWidthTwo.xib */ = {isa = PBXFileReference; fileEncoding = 4; lastKnownFileType = file.xib; path = CellPlaceholderWidthTwo.xib; sourceTree = "<group>"; };
		89B338141E49F60200610EA3 /* CellPlaceholderHeightTwo.xib */ = {isa = PBXFileReference; fileEncoding = 4; lastKnownFileType = file.xib; path = CellPlaceholderHeightTwo.xib; sourceTree = "<group>"; };
		89B338161E49F61300610EA3 /* CellPlaceholderTwoXTwo.xib */ = {isa = PBXFileReference; fileEncoding = 4; lastKnownFileType = file.xib; path = CellPlaceholderTwoXTwo.xib; sourceTree = "<group>"; };
		89B338181E49F7A400610EA3 /* StalkrExtensions.swift */ = {isa = PBXFileReference; fileEncoding = 4; lastKnownFileType = sourcecode.swift; path = StalkrExtensions.swift; sourceTree = "<group>"; };
		89C467541E596250003CF8F2 /* CellDeployStatus.swift */ = {isa = PBXFileReference; fileEncoding = 4; lastKnownFileType = sourcecode.swift; path = CellDeployStatus.swift; sourceTree = "<group>"; };
		89C467561E596258003CF8F2 /* CellDeployStatus.xib */ = {isa = PBXFileReference; fileEncoding = 4; lastKnownFileType = file.xib; path = CellDeployStatus.xib; sourceTree = "<group>"; };
		89C994AA1E547C6E00DBADBA /* CellTrevis.swift */ = {isa = PBXFileReference; fileEncoding = 4; lastKnownFileType = sourcecode.swift; path = CellTrevis.swift; sourceTree = "<group>"; };
		89C994AC1E547CDE00DBADBA /* CellTrevis.xib */ = {isa = PBXFileReference; fileEncoding = 4; lastKnownFileType = file.xib; path = CellTrevis.xib; sourceTree = "<group>"; };
		89C994CA1E54820900DBADBA /* CellTrevisTableCell.xib */ = {isa = PBXFileReference; fileEncoding = 4; lastKnownFileType = file.xib; path = CellTrevisTableCell.xib; sourceTree = "<group>"; };
		89C994CC1E5482C900DBADBA /* CellTrevisTableCell.swift */ = {isa = PBXFileReference; fileEncoding = 4; lastKnownFileType = sourcecode.swift; path = CellTrevisTableCell.swift; sourceTree = "<group>"; };
		8DA58B41991C641DBFD4F4DC /* Pods-stalkr.release.xcconfig */ = {isa = PBXFileReference; includeInIndex = 1; lastKnownFileType = text.xcconfig; name = "Pods-stalkr.release.xcconfig"; path = "Pods/Target Support Files/Pods-stalkr/Pods-stalkr.release.xcconfig"; sourceTree = "<group>"; };
		9924C7B765C9FBEEE07466DA /* Pods-stalkr.debug.xcconfig */ = {isa = PBXFileReference; includeInIndex = 1; lastKnownFileType = text.xcconfig; name = "Pods-stalkr.debug.xcconfig"; path = "Pods/Target Support Files/Pods-stalkr/Pods-stalkr.debug.xcconfig"; sourceTree = "<group>"; };
		CE3DC3111E54807D008F88EE /* ProjectTableViewController.swift */ = {isa = PBXFileReference; fileEncoding = 4; lastKnownFileType = sourcecode.swift; path = ProjectTableViewController.swift; sourceTree = "<group>"; };
		CE85B3CD1E5349D900DA7287 /* SegmentedViewController.swift */ = {isa = PBXFileReference; fileEncoding = 4; lastKnownFileType = sourcecode.swift; path = SegmentedViewController.swift; sourceTree = "<group>"; };
		CE9C31191E573AD900078AE4 /* ProjectIcon.png */ = {isa = PBXFileReference; lastKnownFileType = image.png; path = ProjectIcon.png; sourceTree = "<group>"; };
		CEE849791E55EF840033F512 /* DashboardProtocol.swift */ = {isa = PBXFileReference; fileEncoding = 4; lastKnownFileType = sourcecode.swift; path = DashboardProtocol.swift; sourceTree = "<group>"; };
		CEE8497B1E55F18F0033F512 /* ProjectViewProtocol.swift */ = {isa = PBXFileReference; fileEncoding = 4; lastKnownFileType = sourcecode.swift; path = ProjectViewProtocol.swift; sourceTree = "<group>"; };
/* End PBXFileReference section */

/* Begin PBXFrameworksBuildPhase section */
		89B337EC1E48BB9F00610EA3 /* Frameworks */ = {
			isa = PBXFrameworksBuildPhase;
			buildActionMask = 2147483647;
			files = (
				91895BF7AD0056EDD4A683AD /* Pods_stalkr.framework in Frameworks */,
			);
			runOnlyForDeploymentPostprocessing = 0;
		};
/* End PBXFrameworksBuildPhase section */

/* Begin PBXGroup section */
		4FDD7FC04E14B747DC62038B /* Frameworks */ = {
			isa = PBXGroup;
			children = (
				2584928AB2DB6CF074F0769D /* Pods_stalkr.framework */,
			);
			name = Frameworks;
			sourceTree = "<group>";
		};
		892E73E01E589380007483E1 /* CellCommitsFeed */ = {
			isa = PBXGroup;
			children = (
				892E73D81E589378007483E1 /* CellCommitsFeed.swift */,
				892E73D91E589378007483E1 /* CellCommitsFeed.xib */,
				892E73DA1E589378007483E1 /* CellCommitsFeedTableCell.swift */,
				892E73DB1E589378007483E1 /* CellCommitsFeedTableCell.xib */,
			);
			name = CellCommitsFeed;
			sourceTree = "<group>";
		};
		892E73E11E58A555007483E1 /* CellTeamCommits */ = {
			isa = PBXGroup;
			children = (
				892E73E21E58A581007483E1 /* CellTeamCommits.swift */,
				892E73E41E58A59B007483E1 /* CellTeamCommits.xib */,
			);
			name = CellTeamCommits;
			sourceTree = "<group>";
		};
		892E73E61E58F39A007483E1 /* CellCloudPerformance */ = {
			isa = PBXGroup;
			children = (
				892E73E71E58F487007483E1 /* CellCloudPerformance.swift */,
				892E73E91E58F56F007483E1 /* CellCloudPerformance.xib */,
			);
			name = CellCloudPerformance;
			sourceTree = "<group>";
		};
		89B337E61E48BB9F00610EA3 = {
			isa = PBXGroup;
			children = (
				89B337F11E48BB9F00610EA3 /* stalkr */,
				89B337F01E48BB9F00610EA3 /* Products */,
				BE5274D6EDF17265D484357B /* Pods */,
				4FDD7FC04E14B747DC62038B /* Frameworks */,
			);
			sourceTree = "<group>";
		};
		89B337F01E48BB9F00610EA3 /* Products */ = {
			isa = PBXGroup;
			children = (
				89B337EF1E48BB9F00610EA3 /* stalkr.app */,
			);
			name = Products;
			sourceTree = "<group>";
		};
		89B337F11E48BB9F00610EA3 /* stalkr */ = {
			isa = PBXGroup;
			children = (
				CE9C31161E57342B00078AE4 /* Images */,
				CEE849781E55EF420033F512 /* Protocols */,
				89B337F21E48BB9F00610EA3 /* AppDelegate.swift */,
				89B337F41E48BB9F00610EA3 /* MainViewController.swift */,
				CE85B3CD1E5349D900DA7287 /* SegmentedViewController.swift */,
				CE3DC3111E54807D008F88EE /* ProjectTableViewController.swift */,
				89B337F61E48BB9F00610EA3 /* Main.storyboard */,
				89B337F91E48BB9F00610EA3 /* Assets.xcassets */,
				89B337FB1E48BB9F00610EA3 /* Info.plist */,
				89B3380C1E48C34E00610EA3 /* GridConfiguration.swift */,
				89B3380E1E48C42200610EA3 /* GridLayout.swift */,
				89B338031E48C0B700610EA3 /* SlotableCell */,
				89B338181E49F7A400610EA3 /* StalkrExtensions.swift */,
			);
			path = stalkr;
			sourceTree = "<group>";
		};
		89B338031E48C0B700610EA3 /* SlotableCell */ = {
			isa = PBXGroup;
			children = (
				89B338011E48C08400610EA3 /* SlotableCell.swift */,
				89276ED71E54BBE800D99D4E /* SubscriberCell.swift */,
				89B338041E48C0DE00610EA3 /* CellPlaceholderSmall.swift */,
				89B338101E49ED2400610EA3 /* CellPlaceholderSmall.xib */,
				89B338061E48C13200610EA3 /* CellPlaceholderWidthTwo.swift */,
				89B338121E49F5EA00610EA3 /* CellPlaceholderWidthTwo.xib */,
				89B338081E48C18C00610EA3 /* CellPlaceholderHeightTwo.swift */,
				89B338141E49F60200610EA3 /* CellPlaceholderHeightTwo.xib */,
				89B3380A1E48C1C400610EA3 /* CellPlaceholderTwoXTwo.swift */,
				89B338161E49F61300610EA3 /* CellPlaceholderTwoXTwo.xib */,
				89C994C91E5481D700DBADBA /* CellTrevis */,
				892E73E01E589380007483E1 /* CellCommitsFeed */,
				892E73E11E58A555007483E1 /* CellTeamCommits */,
				892E73E61E58F39A007483E1 /* CellCloudPerformance */,
				89C467531E596230003CF8F2 /* CellDeployStatus */,
			);
			name = SlotableCell;
			sourceTree = "<group>";
		};
		89C467531E596230003CF8F2 /* CellDeployStatus */ = {
			isa = PBXGroup;
			children = (
				89C467541E596250003CF8F2 /* CellDeployStatus.swift */,
				89C467561E596258003CF8F2 /* CellDeployStatus.xib */,
			);
			name = CellDeployStatus;
			sourceTree = "<group>";
		};
		89C994C91E5481D700DBADBA /* CellTrevis */ = {
			isa = PBXGroup;
			children = (
				892DD7C31E5624F1000482C0 /* TravisBuildRegister.swift */,
				89C994AA1E547C6E00DBADBA /* CellTrevis.swift */,
				89C994AC1E547CDE00DBADBA /* CellTrevis.xib */,
				89C994CC1E5482C900DBADBA /* CellTrevisTableCell.swift */,
				89C994CA1E54820900DBADBA /* CellTrevisTableCell.xib */,
			);
			name = CellTrevis;
			sourceTree = "<group>";
		};
		BE5274D6EDF17265D484357B /* Pods */ = {
			isa = PBXGroup;
			children = (
				9924C7B765C9FBEEE07466DA /* Pods-stalkr.debug.xcconfig */,
				8DA58B41991C641DBFD4F4DC /* Pods-stalkr.release.xcconfig */,
			);
			name = Pods;
			sourceTree = "<group>";
		};
		CE9C31161E57342B00078AE4 /* Images */ = {
			isa = PBXGroup;
			children = (
				CE9C31191E573AD900078AE4 /* ProjectIcon.png */,
			);
			name = Images;
			sourceTree = "<group>";
		};
		CEE849781E55EF420033F512 /* Protocols */ = {
			isa = PBXGroup;
			children = (
				CEE849791E55EF840033F512 /* DashboardProtocol.swift */,
				CEE8497B1E55F18F0033F512 /* ProjectViewProtocol.swift */,
			);
			name = Protocols;
			sourceTree = "<group>";
		};
/* End PBXGroup section */

/* Begin PBXNativeTarget section */
		89B337EE1E48BB9F00610EA3 /* stalkr */ = {
			isa = PBXNativeTarget;
			buildConfigurationList = 89B337FE1E48BB9F00610EA3 /* Build configuration list for PBXNativeTarget "stalkr" */;
			buildPhases = (
				DD392ACE4C0BE03A1BD2581D /* [CP] Check Pods Manifest.lock */,
				89B337EB1E48BB9F00610EA3 /* Sources */,
				89B337EC1E48BB9F00610EA3 /* Frameworks */,
				89B337ED1E48BB9F00610EA3 /* Resources */,
				1C343D1C0826F19369CE0A3A /* [CP] Embed Pods Frameworks */,
				6C7F9672469A27B618FD7288 /* [CP] Copy Pods Resources */,
			);
			buildRules = (
			);
			dependencies = (
			);
			name = stalkr;
			productName = stalkr;
			productReference = 89B337EF1E48BB9F00610EA3 /* stalkr.app */;
			productType = "com.apple.product-type.application";
		};
/* End PBXNativeTarget section */

/* Begin PBXProject section */
		89B337E71E48BB9F00610EA3 /* Project object */ = {
			isa = PBXProject;
			attributes = {
				LastSwiftUpdateCheck = 0820;
				LastUpgradeCheck = 0820;
				ORGANIZATIONNAME = "Bruno Macabeus Aquino";
				TargetAttributes = {
					89B337EE1E48BB9F00610EA3 = {
						CreatedOnToolsVersion = 8.2.1;
						DevelopmentTeam = CWK5G6U242;
						ProvisioningStyle = Automatic;
					};
				};
			};
			buildConfigurationList = 89B337EA1E48BB9F00610EA3 /* Build configuration list for PBXProject "stalkr" */;
			compatibilityVersion = "Xcode 3.2";
			developmentRegion = English;
			hasScannedForEncodings = 0;
			knownRegions = (
				en,
				Base,
			);
			mainGroup = 89B337E61E48BB9F00610EA3;
			productRefGroup = 89B337F01E48BB9F00610EA3 /* Products */;
			projectDirPath = "";
			projectRoot = "";
			targets = (
				89B337EE1E48BB9F00610EA3 /* stalkr */,
			);
		};
/* End PBXProject section */

/* Begin PBXResourcesBuildPhase section */
		89B337ED1E48BB9F00610EA3 /* Resources */ = {
			isa = PBXResourcesBuildPhase;
			buildActionMask = 2147483647;
			files = (
				89B337FA1E48BB9F00610EA3 /* Assets.xcassets in Resources */,
				89B338131E49F5EA00610EA3 /* CellPlaceholderWidthTwo.xib in Resources */,
				89C994AD1E547CDE00DBADBA /* CellTrevis.xib in Resources */,
				892E73E51E58A59B007483E1 /* CellTeamCommits.xib in Resources */,
				89C467571E596258003CF8F2 /* CellDeployStatus.xib in Resources */,
				89B338151E49F60200610EA3 /* CellPlaceholderHeightTwo.xib in Resources */,
				89B338111E49ED2400610EA3 /* CellPlaceholderSmall.xib in Resources */,
				89C994CB1E54820900DBADBA /* CellTrevisTableCell.xib in Resources */,
				892E73EA1E58F56F007483E1 /* CellCloudPerformance.xib in Resources */,
				892E73DF1E589378007483E1 /* CellCommitsFeedTableCell.xib in Resources */,
				CE9C311A1E573AD900078AE4 /* ProjectIcon.png in Resources */,
				89B338171E49F61300610EA3 /* CellPlaceholderTwoXTwo.xib in Resources */,
				892E73DD1E589378007483E1 /* CellCommitsFeed.xib in Resources */,
				89B337F81E48BB9F00610EA3 /* Main.storyboard in Resources */,
			);
			runOnlyForDeploymentPostprocessing = 0;
		};
/* End PBXResourcesBuildPhase section */

/* Begin PBXShellScriptBuildPhase section */
		1C343D1C0826F19369CE0A3A /* [CP] Embed Pods Frameworks */ = {
			isa = PBXShellScriptBuildPhase;
			buildActionMask = 2147483647;
			files = (
			);
			inputPaths = (
			);
			name = "[CP] Embed Pods Frameworks";
			outputPaths = (
			);
			runOnlyForDeploymentPostprocessing = 0;
			shellPath = /bin/sh;
			shellScript = "\"${SRCROOT}/Pods/Target Support Files/Pods-stalkr/Pods-stalkr-frameworks.sh\"\n";
			showEnvVarsInLog = 0;
		};
		6C7F9672469A27B618FD7288 /* [CP] Copy Pods Resources */ = {
			isa = PBXShellScriptBuildPhase;
			buildActionMask = 2147483647;
			files = (
			);
			inputPaths = (
			);
			name = "[CP] Copy Pods Resources";
			outputPaths = (
			);
			runOnlyForDeploymentPostprocessing = 0;
			shellPath = /bin/sh;
			shellScript = "\"${SRCROOT}/Pods/Target Support Files/Pods-stalkr/Pods-stalkr-resources.sh\"\n";
			showEnvVarsInLog = 0;
		};
		DD392ACE4C0BE03A1BD2581D /* [CP] Check Pods Manifest.lock */ = {
			isa = PBXShellScriptBuildPhase;
			buildActionMask = 2147483647;
			files = (
			);
			inputPaths = (
			);
			name = "[CP] Check Pods Manifest.lock";
			outputPaths = (
			);
			runOnlyForDeploymentPostprocessing = 0;
			shellPath = /bin/sh;
			shellScript = "diff \"${PODS_ROOT}/../Podfile.lock\" \"${PODS_ROOT}/Manifest.lock\" > /dev/null\nif [ $? != 0 ] ; then\n    # print error to STDERR\n    echo \"error: The sandbox is not in sync with the Podfile.lock. Run 'pod install' or update your CocoaPods installation.\" >&2\n    exit 1\nfi\n";
			showEnvVarsInLog = 0;
		};
/* End PBXShellScriptBuildPhase section */

/* Begin PBXSourcesBuildPhase section */
		89B337EB1E48BB9F00610EA3 /* Sources */ = {
			isa = PBXSourcesBuildPhase;
			buildActionMask = 2147483647;
			files = (
				89B3380D1E48C34E00610EA3 /* GridConfiguration.swift in Sources */,
				89B337F51E48BB9F00610EA3 /* MainViewController.swift in Sources */,
				89B338051E48C0DE00610EA3 /* CellPlaceholderSmall.swift in Sources */,
				89B337F31E48BB9F00610EA3 /* AppDelegate.swift in Sources */,
				89C994AB1E547C6E00DBADBA /* CellTrevis.swift in Sources */,
				89B338091E48C18C00610EA3 /* CellPlaceholderHeightTwo.swift in Sources */,
				892DD7C41E5624F1000482C0 /* TravisBuildRegister.swift in Sources */,
				CEE8497A1E55EF840033F512 /* DashboardProtocol.swift in Sources */,
				89B338191E49F7A400610EA3 /* StalkrExtensions.swift in Sources */,
				CE3DC3121E54807D008F88EE /* ProjectTableViewController.swift in Sources */,
				CEE8497C1E55F18F0033F512 /* ProjectViewProtocol.swift in Sources */,
				892E73E31E58A581007483E1 /* CellTeamCommits.swift in Sources */,
				89B338071E48C13200610EA3 /* CellPlaceholderWidthTwo.swift in Sources */,
				89276ED81E54BBE800D99D4E /* SubscriberCell.swift in Sources */,
				892E73E81E58F487007483E1 /* CellCloudPerformance.swift in Sources */,
				892E73DC1E589378007483E1 /* CellCommitsFeed.swift in Sources */,
				89B3380F1E48C42200610EA3 /* GridLayout.swift in Sources */,
				89C994CD1E5482C900DBADBA /* CellTrevisTableCell.swift in Sources */,
				89B338021E48C08400610EA3 /* SlotableCell.swift in Sources */,
				89C467551E596250003CF8F2 /* CellDeployStatus.swift in Sources */,
				892E73DE1E589378007483E1 /* CellCommitsFeedTableCell.swift in Sources */,
				89B3380B1E48C1C400610EA3 /* CellPlaceholderTwoXTwo.swift in Sources */,
				CE85B3CE1E5349D900DA7287 /* SegmentedViewController.swift in Sources */,
			);
			runOnlyForDeploymentPostprocessing = 0;
		};
/* End PBXSourcesBuildPhase section */

/* Begin PBXVariantGroup section */
		89B337F61E48BB9F00610EA3 /* Main.storyboard */ = {
			isa = PBXVariantGroup;
			children = (
				89B337F71E48BB9F00610EA3 /* Base */,
			);
			name = Main.storyboard;
			sourceTree = "<group>";
		};
/* End PBXVariantGroup section */

/* Begin XCBuildConfiguration section */
		89B337FC1E48BB9F00610EA3 /* Debug */ = {
			isa = XCBuildConfiguration;
			buildSettings = {
				ALWAYS_SEARCH_USER_PATHS = NO;
				CLANG_ANALYZER_NONNULL = YES;
				CLANG_CXX_LANGUAGE_STANDARD = "gnu++0x";
				CLANG_CXX_LIBRARY = "libc++";
				CLANG_ENABLE_MODULES = YES;
				CLANG_ENABLE_OBJC_ARC = YES;
				CLANG_WARN_BOOL_CONVERSION = YES;
				CLANG_WARN_CONSTANT_CONVERSION = YES;
				CLANG_WARN_DIRECT_OBJC_ISA_USAGE = YES_ERROR;
				CLANG_WARN_DOCUMENTATION_COMMENTS = YES;
				CLANG_WARN_EMPTY_BODY = YES;
				CLANG_WARN_ENUM_CONVERSION = YES;
				CLANG_WARN_INFINITE_RECURSION = YES;
				CLANG_WARN_INT_CONVERSION = YES;
				CLANG_WARN_OBJC_ROOT_CLASS = YES_ERROR;
				CLANG_WARN_SUSPICIOUS_MOVE = YES;
				CLANG_WARN_UNREACHABLE_CODE = YES;
				CLANG_WARN__DUPLICATE_METHOD_MATCH = YES;
				COPY_PHASE_STRIP = NO;
				DEBUG_INFORMATION_FORMAT = dwarf;
				ENABLE_STRICT_OBJC_MSGSEND = YES;
				ENABLE_TESTABILITY = YES;
				GCC_C_LANGUAGE_STANDARD = gnu99;
				GCC_DYNAMIC_NO_PIC = NO;
				GCC_NO_COMMON_BLOCKS = YES;
				GCC_OPTIMIZATION_LEVEL = 0;
				GCC_PREPROCESSOR_DEFINITIONS = (
					"DEBUG=1",
					"$(inherited)",
				);
				GCC_WARN_64_TO_32_BIT_CONVERSION = YES;
				GCC_WARN_ABOUT_RETURN_TYPE = YES_ERROR;
				GCC_WARN_UNDECLARED_SELECTOR = YES;
				GCC_WARN_UNINITIALIZED_AUTOS = YES_AGGRESSIVE;
				GCC_WARN_UNUSED_FUNCTION = YES;
				GCC_WARN_UNUSED_VARIABLE = YES;
				MTL_ENABLE_DEBUG_INFO = YES;
				ONLY_ACTIVE_ARCH = YES;
				SDKROOT = appletvos;
				SWIFT_ACTIVE_COMPILATION_CONDITIONS = DEBUG;
				SWIFT_OPTIMIZATION_LEVEL = "-Onone";
				TARGETED_DEVICE_FAMILY = 3;
				TVOS_DEPLOYMENT_TARGET = 10.1;
			};
			name = Debug;
		};
		89B337FD1E48BB9F00610EA3 /* Release */ = {
			isa = XCBuildConfiguration;
			buildSettings = {
				ALWAYS_SEARCH_USER_PATHS = NO;
				CLANG_ANALYZER_NONNULL = YES;
				CLANG_CXX_LANGUAGE_STANDARD = "gnu++0x";
				CLANG_CXX_LIBRARY = "libc++";
				CLANG_ENABLE_MODULES = YES;
				CLANG_ENABLE_OBJC_ARC = YES;
				CLANG_WARN_BOOL_CONVERSION = YES;
				CLANG_WARN_CONSTANT_CONVERSION = YES;
				CLANG_WARN_DIRECT_OBJC_ISA_USAGE = YES_ERROR;
				CLANG_WARN_DOCUMENTATION_COMMENTS = YES;
				CLANG_WARN_EMPTY_BODY = YES;
				CLANG_WARN_ENUM_CONVERSION = YES;
				CLANG_WARN_INFINITE_RECURSION = YES;
				CLANG_WARN_INT_CONVERSION = YES;
				CLANG_WARN_OBJC_ROOT_CLASS = YES_ERROR;
				CLANG_WARN_SUSPICIOUS_MOVE = YES;
				CLANG_WARN_UNREACHABLE_CODE = YES;
				CLANG_WARN__DUPLICATE_METHOD_MATCH = YES;
				COPY_PHASE_STRIP = NO;
				DEBUG_INFORMATION_FORMAT = "dwarf-with-dsym";
				ENABLE_NS_ASSERTIONS = NO;
				ENABLE_STRICT_OBJC_MSGSEND = YES;
				GCC_C_LANGUAGE_STANDARD = gnu99;
				GCC_NO_COMMON_BLOCKS = YES;
				GCC_WARN_64_TO_32_BIT_CONVERSION = YES;
				GCC_WARN_ABOUT_RETURN_TYPE = YES_ERROR;
				GCC_WARN_UNDECLARED_SELECTOR = YES;
				GCC_WARN_UNINITIALIZED_AUTOS = YES_AGGRESSIVE;
				GCC_WARN_UNUSED_FUNCTION = YES;
				GCC_WARN_UNUSED_VARIABLE = YES;
				MTL_ENABLE_DEBUG_INFO = NO;
				SDKROOT = appletvos;
				SWIFT_OPTIMIZATION_LEVEL = "-Owholemodule";
				TARGETED_DEVICE_FAMILY = 3;
				TVOS_DEPLOYMENT_TARGET = 10.1;
				VALIDATE_PRODUCT = YES;
			};
			name = Release;
		};
		89B337FF1E48BB9F00610EA3 /* Debug */ = {
			isa = XCBuildConfiguration;
			baseConfigurationReference = 9924C7B765C9FBEEE07466DA /* Pods-stalkr.debug.xcconfig */;
			buildSettings = {
				ASSETCATALOG_COMPILER_APPICON_NAME = "App Icon & Top Shelf Image";
				ASSETCATALOG_COMPILER_LAUNCHIMAGE_NAME = LaunchImage;
				DEVELOPMENT_TEAM = CWK5G6U242;
				INFOPLIST_FILE = stalkr/Info.plist;
				LD_RUNPATH_SEARCH_PATHS = "$(inherited) @executable_path/Frameworks";
				PRODUCT_BUNDLE_IDENTIFIER = macabeus.stalkr;
				PRODUCT_NAME = "$(TARGET_NAME)";
				SWIFT_VERSION = 3.0;
			};
			name = Debug;
		};
		89B338001E48BB9F00610EA3 /* Release */ = {
			isa = XCBuildConfiguration;
			baseConfigurationReference = 8DA58B41991C641DBFD4F4DC /* Pods-stalkr.release.xcconfig */;
			buildSettings = {
				ASSETCATALOG_COMPILER_APPICON_NAME = "App Icon & Top Shelf Image";
				ASSETCATALOG_COMPILER_LAUNCHIMAGE_NAME = LaunchImage;
				DEVELOPMENT_TEAM = CWK5G6U242;
				INFOPLIST_FILE = stalkr/Info.plist;
				LD_RUNPATH_SEARCH_PATHS = "$(inherited) @executable_path/Frameworks";
				PRODUCT_BUNDLE_IDENTIFIER = macabeus.stalkr;
				PRODUCT_NAME = "$(TARGET_NAME)";
				SWIFT_VERSION = 3.0;
			};
			name = Release;
		};
/* End XCBuildConfiguration section */

/* Begin XCConfigurationList section */
		89B337EA1E48BB9F00610EA3 /* Build configuration list for PBXProject "stalkr" */ = {
			isa = XCConfigurationList;
			buildConfigurations = (
				89B337FC1E48BB9F00610EA3 /* Debug */,
				89B337FD1E48BB9F00610EA3 /* Release */,
			);
			defaultConfigurationIsVisible = 0;
			defaultConfigurationName = Release;
		};
		89B337FE1E48BB9F00610EA3 /* Build configuration list for PBXNativeTarget "stalkr" */ = {
			isa = XCConfigurationList;
			buildConfigurations = (
				89B337FF1E48BB9F00610EA3 /* Debug */,
				89B338001E48BB9F00610EA3 /* Release */,
			);
			defaultConfigurationIsVisible = 0;
			defaultConfigurationName = Release;
		};
/* End XCConfigurationList section */
	};
	rootObject = 89B337E71E48BB9F00610EA3 /* Project object */;
}
