// !$*UTF8*$!
{
	archiveVersion = 1;
	classes = {
	};
	objectVersion = 46;
	objects = {

/* Begin PBXBuildFile section */
		890E0C851E7248990083C76E /* AccountViewController.swift in Sources */ = {isa = PBXBuildFile; fileRef = 890E0C841E7248990083C76E /* AccountViewController.swift */; };
		8917E4AD1E6925FF001BD42A /* CommitRegister.swift in Sources */ = {isa = PBXBuildFile; fileRef = 8917E4AC1E6925FF001BD42A /* CommitRegister.swift */; };
		891F50C61E8DF4E80085A060 /* LoadingView.swift in Sources */ = {isa = PBXBuildFile; fileRef = 891F50C51E8DF4E70085A060 /* LoadingView.swift */; };
		89276ED81E54BBE800D99D4E /* SubscriberCell.swift in Sources */ = {isa = PBXBuildFile; fileRef = 89276ED71E54BBE800D99D4E /* SubscriberCell.swift */; };
		892DD7C41E5624F1000482C0 /* TravisBuildRegister.swift in Sources */ = {isa = PBXBuildFile; fileRef = 892DD7C31E5624F1000482C0 /* TravisBuildRegister.swift */; };
		892DECC81E5E308900676056 /* CellTeamCommitsZoom.swift in Sources */ = {isa = PBXBuildFile; fileRef = 892DECC71E5E308900676056 /* CellTeamCommitsZoom.swift */; };
		892DECCA1E5F258400676056 /* SlotableCellConfiguration.swift in Sources */ = {isa = PBXBuildFile; fileRef = 892DECC91E5F258400676056 /* SlotableCellConfiguration.swift */; };
		892E1DD41EEECABD0098A0FC /* ProjectsView.storyboard in Resources */ = {isa = PBXBuildFile; fileRef = 892E1DD31EEECABD0098A0FC /* ProjectsView.storyboard */; };
		892E1DD61EEFFD630098A0FC /* CreateProject.storyboard in Resources */ = {isa = PBXBuildFile; fileRef = 892E1DD51EEFFD620098A0FC /* CreateProject.storyboard */; };
		892E73DC1E589378007483E1 /* CellCommitsFeed.swift in Sources */ = {isa = PBXBuildFile; fileRef = 892E73D81E589378007483E1 /* CellCommitsFeed.swift */; };
		892E73DD1E589378007483E1 /* CellCommitsFeed.xib in Resources */ = {isa = PBXBuildFile; fileRef = 892E73D91E589378007483E1 /* CellCommitsFeed.xib */; };
		892E73DE1E589378007483E1 /* CellCommitsFeedTableCell.swift in Sources */ = {isa = PBXBuildFile; fileRef = 892E73DA1E589378007483E1 /* CellCommitsFeedTableCell.swift */; };
		892E73DF1E589378007483E1 /* CellCommitsFeedTableCell.xib in Resources */ = {isa = PBXBuildFile; fileRef = 892E73DB1E589378007483E1 /* CellCommitsFeedTableCell.xib */; };
		892E73E31E58A581007483E1 /* CellTeamCommits.swift in Sources */ = {isa = PBXBuildFile; fileRef = 892E73E21E58A581007483E1 /* CellTeamCommits.swift */; };
		892E73E51E58A59B007483E1 /* CellTeamCommits.xib in Resources */ = {isa = PBXBuildFile; fileRef = 892E73E41E58A59B007483E1 /* CellTeamCommits.xib */; };
		892E73E81E58F487007483E1 /* CellCloudPerformance.swift in Sources */ = {isa = PBXBuildFile; fileRef = 892E73E71E58F487007483E1 /* CellCloudPerformance.swift */; };
		892E73EA1E58F56F007483E1 /* CellCloudPerformance.xib in Resources */ = {isa = PBXBuildFile; fileRef = 892E73E91E58F56F007483E1 /* CellCloudPerformance.xib */; };
		893E5B681EB4495B00255CA9 /* EmbededGridController.swift in Sources */ = {isa = PBXBuildFile; fileRef = 893E5B671EB4495B00255CA9 /* EmbededGridController.swift */; };
		8960D21A1EF8C261008E1D7C /* DefaultNetwork.swift in Sources */ = {isa = PBXBuildFile; fileRef = 8960D2191EF8C261008E1D7C /* DefaultNetwork.swift */; };
		8960D21C1EF8C8D4008E1D7C /* GetUsernameTask.swift in Sources */ = {isa = PBXBuildFile; fileRef = 8960D21B1EF8C8D4008E1D7C /* GetUsernameTask.swift */; };
		8960D2211EF9429B008E1D7C /* SessionContext.swift in Sources */ = {isa = PBXBuildFile; fileRef = 8960D2201EF9429B008E1D7C /* SessionContext.swift */; };
		8960D2241EFA0C05008E1D7C /* WebSocketProtocol.swift in Sources */ = {isa = PBXBuildFile; fileRef = 8960D2231EFA0C05008E1D7C /* WebSocketProtocol.swift */; };
		8960D2261EFA0D60008E1D7C /* LoginWebSocket.swift in Sources */ = {isa = PBXBuildFile; fileRef = 8960D2251EFA0D60008E1D7C /* LoginWebSocket.swift */; };
		8961C98D1E761E4900D84B5C /* ListClasses.swift in Sources */ = {isa = PBXBuildFile; fileRef = 8961C98C1E761E4900D84B5C /* ListClasses.swift */; };
		896BF3021EF031F3003AED46 /* Account.storyboard in Resources */ = {isa = PBXBuildFile; fileRef = 896BF3011EF031F3003AED46 /* Account.storyboard */; };
		89A6663F1E5DB9C0007F8A7A /* CellTeamCommitsZoom.xib in Resources */ = {isa = PBXBuildFile; fileRef = 89A6663E1E5DB9C0007F8A7A /* CellTeamCommitsZoom.xib */; };
		89AE2A5E1EF7FF0000CD2948 /* Request.swift in Sources */ = {isa = PBXBuildFile; fileRef = 89AE2A5D1EF7FF0000CD2948 /* Request.swift */; };
		89AE2A611EF8025F00CD2948 /* UserRequest.swift in Sources */ = {isa = PBXBuildFile; fileRef = 89AE2A601EF8025F00CD2948 /* UserRequest.swift */; };
		89AE2A631EF8095600CD2948 /* ExecuteRequest.swift in Sources */ = {isa = PBXBuildFile; fileRef = 89AE2A621EF8095600CD2948 /* ExecuteRequest.swift */; };
		89AE2A661EF80A3800CD2948 /* ServerDispatcher.swift in Sources */ = {isa = PBXBuildFile; fileRef = 89AE2A651EF80A3800CD2948 /* ServerDispatcher.swift */; };
		89AE2A681EF80B4300CD2948 /* Response.swift in Sources */ = {isa = PBXBuildFile; fileRef = 89AE2A671EF80B4300CD2948 /* Response.swift */; };
		89AE2A6A1EF86D3200CD2948 /* Task.swift in Sources */ = {isa = PBXBuildFile; fileRef = 89AE2A691EF86D3200CD2948 /* Task.swift */; };
		89AE2A6D1EF86DB300CD2948 /* LoginTask.swift in Sources */ = {isa = PBXBuildFile; fileRef = 89AE2A6C1EF86DB300CD2948 /* LoginTask.swift */; };
		89B337F31E48BB9F00610EA3 /* AppDelegate.swift in Sources */ = {isa = PBXBuildFile; fileRef = 89B337F21E48BB9F00610EA3 /* AppDelegate.swift */; };
		89B337F81E48BB9F00610EA3 /* SideMenuBased.storyboard in Resources */ = {isa = PBXBuildFile; fileRef = 89B337F61E48BB9F00610EA3 /* SideMenuBased.storyboard */; };
		89B337FA1E48BB9F00610EA3 /* Assets.xcassets in Resources */ = {isa = PBXBuildFile; fileRef = 89B337F91E48BB9F00610EA3 /* Assets.xcassets */; };
		89B338021E48C08400610EA3 /* SlotableCell.swift in Sources */ = {isa = PBXBuildFile; fileRef = 89B338011E48C08400610EA3 /* SlotableCell.swift */; };
		89B338191E49F7A400610EA3 /* StalkrExtensions.swift in Sources */ = {isa = PBXBuildFile; fileRef = 89B338181E49F7A400610EA3 /* StalkrExtensions.swift */; };
		89C36ADB1EF4035000E5342C /* Authentication.storyboard in Resources */ = {isa = PBXBuildFile; fileRef = 89C36ADA1EF4035000E5342C /* Authentication.storyboard */; };
		89C36ADD1EF40BBD00E5342C /* AuthenticationViewController.swift in Sources */ = {isa = PBXBuildFile; fileRef = 89C36ADC1EF40BBD00E5342C /* AuthenticationViewController.swift */; };
		89C467551E596250003CF8F2 /* CellDeployStatus.swift in Sources */ = {isa = PBXBuildFile; fileRef = 89C467541E596250003CF8F2 /* CellDeployStatus.swift */; };
		89C467571E596258003CF8F2 /* CellDeployStatus.xib in Resources */ = {isa = PBXBuildFile; fileRef = 89C467561E596258003CF8F2 /* CellDeployStatus.xib */; };
		89C7784C1E6EEB86008926E7 /* CreateGridViewController.swift in Sources */ = {isa = PBXBuildFile; fileRef = 89C7784B1E6EEB86008926E7 /* CreateGridViewController.swift */; };
		89C994AB1E547C6E00DBADBA /* CellTrevis.swift in Sources */ = {isa = PBXBuildFile; fileRef = 89C994AA1E547C6E00DBADBA /* CellTrevis.swift */; };
		89C994AD1E547CDE00DBADBA /* CellTrevis.xib in Resources */ = {isa = PBXBuildFile; fileRef = 89C994AC1E547CDE00DBADBA /* CellTrevis.xib */; };
		89C994CB1E54820900DBADBA /* CellTrevisTableCell.xib in Resources */ = {isa = PBXBuildFile; fileRef = 89C994CA1E54820900DBADBA /* CellTrevisTableCell.xib */; };
		89C994CD1E5482C900DBADBA /* CellTrevisTableCell.swift in Sources */ = {isa = PBXBuildFile; fileRef = 89C994CC1E5482C900DBADBA /* CellTrevisTableCell.swift */; };
		89D598B51E718C4900B27927 /* UserSession.swift in Sources */ = {isa = PBXBuildFile; fileRef = 89D598B41E718C4900B27927 /* UserSession.swift */; };
		89D598B71E718E2D00B27927 /* Project.swift in Sources */ = {isa = PBXBuildFile; fileRef = 89D598B61E718E2D00B27927 /* Project.swift */; };
		89DEFD6D1EFA94BB0086F78B /* Environment.swift in Sources */ = {isa = PBXBuildFile; fileRef = 89DEFD6C1EFA94BB0086F78B /* Environment.swift */; };
		89DEFD6F1EFAB47B0086F78B /* BaseWebSocketDelegate.swift in Sources */ = {isa = PBXBuildFile; fileRef = 89DEFD6E1EFAB47B0086F78B /* BaseWebSocketDelegate.swift */; };
		89DEFD731EFB6E790086F78B /* WebSocketExtension.swift in Sources */ = {isa = PBXBuildFile; fileRef = 89DEFD721EFB6E790086F78B /* WebSocketExtension.swift */; };
		91895BF7AD0056EDD4A683AD /* Pods_stalkr.framework in Frameworks */ = {isa = PBXBuildFile; fileRef = 2584928AB2DB6CF074F0769D /* Pods_stalkr.framework */; };
		CE2E76411E5C737C00D5EC5C /* CellSidebarMenu.swift in Sources */ = {isa = PBXBuildFile; fileRef = CE2E76401E5C737C00D5EC5C /* CellSidebarMenu.swift */; };
		CE3DC3121E54807D008F88EE /* SidebarController.swift in Sources */ = {isa = PBXBuildFile; fileRef = CE3DC3111E54807D008F88EE /* SidebarController.swift */; };
		CE52C5371E60ED5100FC6C40 /* ProjectsViewController.swift in Sources */ = {isa = PBXBuildFile; fileRef = CE52C5361E60ED5100FC6C40 /* ProjectsViewController.swift */; };
		CE52C5391E61059300FC6C40 /* SidebarProtocol.swift in Sources */ = {isa = PBXBuildFile; fileRef = CE52C5381E61059300FC6C40 /* SidebarProtocol.swift */; };
		CE85B3CE1E5349D900DA7287 /* SideMenuBasedController.swift in Sources */ = {isa = PBXBuildFile; fileRef = CE85B3CD1E5349D900DA7287 /* SideMenuBasedController.swift */; };
/* End PBXBuildFile section */

/* Begin PBXFileReference section */
		2584928AB2DB6CF074F0769D /* Pods_stalkr.framework */ = {isa = PBXFileReference; explicitFileType = wrapper.framework; includeInIndex = 0; path = Pods_stalkr.framework; sourceTree = BUILT_PRODUCTS_DIR; };
		890E0C841E7248990083C76E /* AccountViewController.swift */ = {isa = PBXFileReference; fileEncoding = 4; lastKnownFileType = sourcecode.swift; path = AccountViewController.swift; sourceTree = "<group>"; };
		8917E4AC1E6925FF001BD42A /* CommitRegister.swift */ = {isa = PBXFileReference; fileEncoding = 4; lastKnownFileType = sourcecode.swift; path = CommitRegister.swift; sourceTree = "<group>"; };
		891F50C51E8DF4E70085A060 /* LoadingView.swift */ = {isa = PBXFileReference; fileEncoding = 4; lastKnownFileType = sourcecode.swift; path = LoadingView.swift; sourceTree = "<group>"; };
		89276ED71E54BBE800D99D4E /* SubscriberCell.swift */ = {isa = PBXFileReference; fileEncoding = 4; lastKnownFileType = sourcecode.swift; path = SubscriberCell.swift; sourceTree = "<group>"; };
		892DD7C31E5624F1000482C0 /* TravisBuildRegister.swift */ = {isa = PBXFileReference; fileEncoding = 4; lastKnownFileType = sourcecode.swift; path = TravisBuildRegister.swift; sourceTree = "<group>"; };
		892DECC71E5E308900676056 /* CellTeamCommitsZoom.swift */ = {isa = PBXFileReference; fileEncoding = 4; lastKnownFileType = sourcecode.swift; path = CellTeamCommitsZoom.swift; sourceTree = "<group>"; };
		892DECC91E5F258400676056 /* SlotableCellConfiguration.swift */ = {isa = PBXFileReference; fileEncoding = 4; lastKnownFileType = sourcecode.swift; path = SlotableCellConfiguration.swift; sourceTree = "<group>"; };
		892E1DD31EEECABD0098A0FC /* ProjectsView.storyboard */ = {isa = PBXFileReference; fileEncoding = 4; lastKnownFileType = file.storyboard; path = ProjectsView.storyboard; sourceTree = "<group>"; };
		892E1DD51EEFFD620098A0FC /* CreateProject.storyboard */ = {isa = PBXFileReference; fileEncoding = 4; lastKnownFileType = file.storyboard; path = CreateProject.storyboard; sourceTree = "<group>"; };
		892E73D81E589378007483E1 /* CellCommitsFeed.swift */ = {isa = PBXFileReference; fileEncoding = 4; lastKnownFileType = sourcecode.swift; path = CellCommitsFeed.swift; sourceTree = "<group>"; };
		892E73D91E589378007483E1 /* CellCommitsFeed.xib */ = {isa = PBXFileReference; fileEncoding = 4; lastKnownFileType = file.xib; path = CellCommitsFeed.xib; sourceTree = "<group>"; };
		892E73DA1E589378007483E1 /* CellCommitsFeedTableCell.swift */ = {isa = PBXFileReference; fileEncoding = 4; lastKnownFileType = sourcecode.swift; path = CellCommitsFeedTableCell.swift; sourceTree = "<group>"; };
		892E73DB1E589378007483E1 /* CellCommitsFeedTableCell.xib */ = {isa = PBXFileReference; fileEncoding = 4; lastKnownFileType = file.xib; path = CellCommitsFeedTableCell.xib; sourceTree = "<group>"; };
		892E73E21E58A581007483E1 /* CellTeamCommits.swift */ = {isa = PBXFileReference; fileEncoding = 4; lastKnownFileType = sourcecode.swift; path = CellTeamCommits.swift; sourceTree = "<group>"; };
		892E73E41E58A59B007483E1 /* CellTeamCommits.xib */ = {isa = PBXFileReference; fileEncoding = 4; lastKnownFileType = file.xib; path = CellTeamCommits.xib; sourceTree = "<group>"; };
		892E73E71E58F487007483E1 /* CellCloudPerformance.swift */ = {isa = PBXFileReference; fileEncoding = 4; lastKnownFileType = sourcecode.swift; path = CellCloudPerformance.swift; sourceTree = "<group>"; };
		892E73E91E58F56F007483E1 /* CellCloudPerformance.xib */ = {isa = PBXFileReference; fileEncoding = 4; lastKnownFileType = file.xib; path = CellCloudPerformance.xib; sourceTree = "<group>"; };
		893E5B671EB4495B00255CA9 /* EmbededGridController.swift */ = {isa = PBXFileReference; fileEncoding = 4; lastKnownFileType = sourcecode.swift; path = EmbededGridController.swift; sourceTree = "<group>"; };
		8960D2191EF8C261008E1D7C /* DefaultNetwork.swift */ = {isa = PBXFileReference; fileEncoding = 4; lastKnownFileType = sourcecode.swift; path = DefaultNetwork.swift; sourceTree = "<group>"; };
		8960D21B1EF8C8D4008E1D7C /* GetUsernameTask.swift */ = {isa = PBXFileReference; fileEncoding = 4; lastKnownFileType = sourcecode.swift; path = GetUsernameTask.swift; sourceTree = "<group>"; };
		8960D2201EF9429B008E1D7C /* SessionContext.swift */ = {isa = PBXFileReference; fileEncoding = 4; lastKnownFileType = sourcecode.swift; path = SessionContext.swift; sourceTree = "<group>"; };
		8960D2231EFA0C05008E1D7C /* WebSocketProtocol.swift */ = {isa = PBXFileReference; fileEncoding = 4; lastKnownFileType = sourcecode.swift; path = WebSocketProtocol.swift; sourceTree = "<group>"; };
		8960D2251EFA0D60008E1D7C /* LoginWebSocket.swift */ = {isa = PBXFileReference; fileEncoding = 4; lastKnownFileType = sourcecode.swift; path = LoginWebSocket.swift; sourceTree = "<group>"; };
		8961C98C1E761E4900D84B5C /* ListClasses.swift */ = {isa = PBXFileReference; fileEncoding = 4; lastKnownFileType = sourcecode.swift; path = ListClasses.swift; sourceTree = "<group>"; };
		896BF3011EF031F3003AED46 /* Account.storyboard */ = {isa = PBXFileReference; fileEncoding = 4; lastKnownFileType = file.storyboard; path = Account.storyboard; sourceTree = "<group>"; };
		89A6663E1E5DB9C0007F8A7A /* CellTeamCommitsZoom.xib */ = {isa = PBXFileReference; fileEncoding = 4; lastKnownFileType = file.xib; path = CellTeamCommitsZoom.xib; sourceTree = "<group>"; };
		89AE2A5D1EF7FF0000CD2948 /* Request.swift */ = {isa = PBXFileReference; fileEncoding = 4; lastKnownFileType = sourcecode.swift; path = Request.swift; sourceTree = "<group>"; };
		89AE2A601EF8025F00CD2948 /* UserRequest.swift */ = {isa = PBXFileReference; fileEncoding = 4; lastKnownFileType = sourcecode.swift; path = UserRequest.swift; sourceTree = "<group>"; };
		89AE2A621EF8095600CD2948 /* ExecuteRequest.swift */ = {isa = PBXFileReference; fileEncoding = 4; lastKnownFileType = sourcecode.swift; path = ExecuteRequest.swift; sourceTree = "<group>"; };
		89AE2A651EF80A3800CD2948 /* ServerDispatcher.swift */ = {isa = PBXFileReference; fileEncoding = 4; lastKnownFileType = sourcecode.swift; path = ServerDispatcher.swift; sourceTree = "<group>"; };
		89AE2A671EF80B4300CD2948 /* Response.swift */ = {isa = PBXFileReference; fileEncoding = 4; lastKnownFileType = sourcecode.swift; path = Response.swift; sourceTree = "<group>"; };
		89AE2A691EF86D3200CD2948 /* Task.swift */ = {isa = PBXFileReference; fileEncoding = 4; lastKnownFileType = sourcecode.swift; path = Task.swift; sourceTree = "<group>"; };
		89AE2A6C1EF86DB300CD2948 /* LoginTask.swift */ = {isa = PBXFileReference; fileEncoding = 4; lastKnownFileType = sourcecode.swift; path = LoginTask.swift; sourceTree = "<group>"; };
		89B337EF1E48BB9F00610EA3 /* stalkr.app */ = {isa = PBXFileReference; explicitFileType = wrapper.application; includeInIndex = 0; path = stalkr.app; sourceTree = BUILT_PRODUCTS_DIR; };
		89B337F21E48BB9F00610EA3 /* AppDelegate.swift */ = {isa = PBXFileReference; lastKnownFileType = sourcecode.swift; path = AppDelegate.swift; sourceTree = "<group>"; };
		89B337F71E48BB9F00610EA3 /* Base */ = {isa = PBXFileReference; lastKnownFileType = file.storyboard; name = Base; path = Base.lproj/SideMenuBased.storyboard; sourceTree = "<group>"; };
		89B337F91E48BB9F00610EA3 /* Assets.xcassets */ = {isa = PBXFileReference; lastKnownFileType = folder.assetcatalog; path = Assets.xcassets; sourceTree = "<group>"; };
		89B337FB1E48BB9F00610EA3 /* Info.plist */ = {isa = PBXFileReference; lastKnownFileType = text.plist.xml; path = Info.plist; sourceTree = "<group>"; };
		89B338011E48C08400610EA3 /* SlotableCell.swift */ = {isa = PBXFileReference; fileEncoding = 4; lastKnownFileType = sourcecode.swift; path = SlotableCell.swift; sourceTree = "<group>"; };
		89B338181E49F7A400610EA3 /* StalkrExtensions.swift */ = {isa = PBXFileReference; fileEncoding = 4; lastKnownFileType = sourcecode.swift; path = StalkrExtensions.swift; sourceTree = "<group>"; };
		89C36ADA1EF4035000E5342C /* Authentication.storyboard */ = {isa = PBXFileReference; fileEncoding = 4; lastKnownFileType = file.storyboard; path = Authentication.storyboard; sourceTree = "<group>"; };
		89C36ADC1EF40BBD00E5342C /* AuthenticationViewController.swift */ = {isa = PBXFileReference; fileEncoding = 4; lastKnownFileType = sourcecode.swift; path = AuthenticationViewController.swift; sourceTree = "<group>"; };
		89C467541E596250003CF8F2 /* CellDeployStatus.swift */ = {isa = PBXFileReference; fileEncoding = 4; lastKnownFileType = sourcecode.swift; path = CellDeployStatus.swift; sourceTree = "<group>"; };
		89C467561E596258003CF8F2 /* CellDeployStatus.xib */ = {isa = PBXFileReference; fileEncoding = 4; lastKnownFileType = file.xib; path = CellDeployStatus.xib; sourceTree = "<group>"; };
		89C7784B1E6EEB86008926E7 /* CreateGridViewController.swift */ = {isa = PBXFileReference; fileEncoding = 4; lastKnownFileType = sourcecode.swift; path = CreateGridViewController.swift; sourceTree = "<group>"; };
		89C994AA1E547C6E00DBADBA /* CellTrevis.swift */ = {isa = PBXFileReference; fileEncoding = 4; lastKnownFileType = sourcecode.swift; path = CellTrevis.swift; sourceTree = "<group>"; };
		89C994AC1E547CDE00DBADBA /* CellTrevis.xib */ = {isa = PBXFileReference; fileEncoding = 4; lastKnownFileType = file.xib; path = CellTrevis.xib; sourceTree = "<group>"; };
		89C994CA1E54820900DBADBA /* CellTrevisTableCell.xib */ = {isa = PBXFileReference; fileEncoding = 4; lastKnownFileType = file.xib; path = CellTrevisTableCell.xib; sourceTree = "<group>"; };
		89C994CC1E5482C900DBADBA /* CellTrevisTableCell.swift */ = {isa = PBXFileReference; fileEncoding = 4; lastKnownFileType = sourcecode.swift; path = CellTrevisTableCell.swift; sourceTree = "<group>"; };
		89D598B41E718C4900B27927 /* UserSession.swift */ = {isa = PBXFileReference; fileEncoding = 4; lastKnownFileType = sourcecode.swift; path = UserSession.swift; sourceTree = "<group>"; };
		89D598B61E718E2D00B27927 /* Project.swift */ = {isa = PBXFileReference; fileEncoding = 4; lastKnownFileType = sourcecode.swift; path = Project.swift; sourceTree = "<group>"; };
		89DEFD6C1EFA94BB0086F78B /* Environment.swift */ = {isa = PBXFileReference; fileEncoding = 4; lastKnownFileType = sourcecode.swift; path = Environment.swift; sourceTree = "<group>"; };
		89DEFD6E1EFAB47B0086F78B /* BaseWebSocketDelegate.swift */ = {isa = PBXFileReference; fileEncoding = 4; lastKnownFileType = sourcecode.swift; path = BaseWebSocketDelegate.swift; sourceTree = "<group>"; };
		89DEFD721EFB6E790086F78B /* WebSocketExtension.swift */ = {isa = PBXFileReference; fileEncoding = 4; lastKnownFileType = sourcecode.swift; path = WebSocketExtension.swift; sourceTree = "<group>"; };
		8DA58B41991C641DBFD4F4DC /* Pods-stalkr.release.xcconfig */ = {isa = PBXFileReference; includeInIndex = 1; lastKnownFileType = text.xcconfig; name = "Pods-stalkr.release.xcconfig"; path = "Pods/Target Support Files/Pods-stalkr/Pods-stalkr.release.xcconfig"; sourceTree = "<group>"; };
		9924C7B765C9FBEEE07466DA /* Pods-stalkr.debug.xcconfig */ = {isa = PBXFileReference; includeInIndex = 1; lastKnownFileType = text.xcconfig; name = "Pods-stalkr.debug.xcconfig"; path = "Pods/Target Support Files/Pods-stalkr/Pods-stalkr.debug.xcconfig"; sourceTree = "<group>"; };
		CE2E76401E5C737C00D5EC5C /* CellSidebarMenu.swift */ = {isa = PBXFileReference; fileEncoding = 4; lastKnownFileType = sourcecode.swift; path = CellSidebarMenu.swift; sourceTree = "<group>"; };
		CE3DC3111E54807D008F88EE /* SidebarController.swift */ = {isa = PBXFileReference; fileEncoding = 4; lastKnownFileType = sourcecode.swift; path = SidebarController.swift; sourceTree = "<group>"; };
		CE52C5361E60ED5100FC6C40 /* ProjectsViewController.swift */ = {isa = PBXFileReference; fileEncoding = 4; lastKnownFileType = sourcecode.swift; path = ProjectsViewController.swift; sourceTree = "<group>"; };
		CE52C5381E61059300FC6C40 /* SidebarProtocol.swift */ = {isa = PBXFileReference; fileEncoding = 4; lastKnownFileType = sourcecode.swift; path = SidebarProtocol.swift; sourceTree = "<group>"; };
		CE85B3CD1E5349D900DA7287 /* SideMenuBasedController.swift */ = {isa = PBXFileReference; fileEncoding = 4; lastKnownFileType = sourcecode.swift; path = SideMenuBasedController.swift; sourceTree = "<group>"; };
/* End PBXFileReference section */

/* Begin PBXFrameworksBuildPhase section */
		89B337EC1E48BB9F00610EA3 /* Frameworks */ = {
			isa = PBXFrameworksBuildPhase;
			buildActionMask = 2147483647;
			files = (
				91895BF7AD0056EDD4A683AD /* Pods_stalkr.framework in Frameworks */,
			);
			runOnlyForDeploymentPostprocessing = 0;
		};
/* End PBXFrameworksBuildPhase section */

/* Begin PBXGroup section */
		4FDD7FC04E14B747DC62038B /* Frameworks */ = {
			isa = PBXGroup;
			children = (
				2584928AB2DB6CF074F0769D /* Pods_stalkr.framework */,
			);
			name = Frameworks;
			sourceTree = "<group>";
		};
		892E73E01E589380007483E1 /* CellCommitsFeed */ = {
			isa = PBXGroup;
			children = (
				8917E4AC1E6925FF001BD42A /* CommitRegister.swift */,
				892E73D81E589378007483E1 /* CellCommitsFeed.swift */,
				892E73D91E589378007483E1 /* CellCommitsFeed.xib */,
				892E73DA1E589378007483E1 /* CellCommitsFeedTableCell.swift */,
				892E73DB1E589378007483E1 /* CellCommitsFeedTableCell.xib */,
			);
			name = CellCommitsFeed;
			sourceTree = "<group>";
		};
		892E73E11E58A555007483E1 /* CellTeamCommits */ = {
			isa = PBXGroup;
			children = (
				892E73E21E58A581007483E1 /* CellTeamCommits.swift */,
				892E73E41E58A59B007483E1 /* CellTeamCommits.xib */,
				892DECC71E5E308900676056 /* CellTeamCommitsZoom.swift */,
				89A6663E1E5DB9C0007F8A7A /* CellTeamCommitsZoom.xib */,
			);
			name = CellTeamCommits;
			sourceTree = "<group>";
		};
		892E73E61E58F39A007483E1 /* CellCloudPerformance */ = {
			isa = PBXGroup;
			children = (
				892E73E71E58F487007483E1 /* CellCloudPerformance.swift */,
				892E73E91E58F56F007483E1 /* CellCloudPerformance.xib */,
			);
			name = CellCloudPerformance;
			sourceTree = "<group>";
		};
		8960D21D1EF94127008E1D7C /* Request */ = {
			isa = PBXGroup;
			children = (
				89AE2A5D1EF7FF0000CD2948 /* Request.swift */,
				89AE2A5F1EF8025500CD2948 /* Requests */,
				89AE2A621EF8095600CD2948 /* ExecuteRequest.swift */,
				89AE2A641EF80A1500CD2948 /* Dispatchers */,
				89AE2A671EF80B4300CD2948 /* Response.swift */,
				89AE2A691EF86D3200CD2948 /* Task.swift */,
				89AE2A6B1EF86D8200CD2948 /* Tasks */,
			);
			name = Request;
			sourceTree = "<group>";
		};
		8960D21E1EF9414D008E1D7C /* UserSession */ = {
			isa = PBXGroup;
			children = (
				8960D2201EF9429B008E1D7C /* SessionContext.swift */,
			);
			name = UserSession;
			sourceTree = "<group>";
		};
		8960D21F1EF94213008E1D7C /* DefaultNetwork */ = {
			isa = PBXGroup;
			children = (
				8960D2191EF8C261008E1D7C /* DefaultNetwork.swift */,
			);
			name = DefaultNetwork;
			sourceTree = "<group>";
		};
		8960D2221EFA0BE3008E1D7C /* WebSocket */ = {
			isa = PBXGroup;
			children = (
				8960D2231EFA0C05008E1D7C /* WebSocketProtocol.swift */,
				89DEFD6E1EFAB47B0086F78B /* BaseWebSocketDelegate.swift */,
				89DEFD721EFB6E790086F78B /* WebSocketExtension.swift */,
				8960D2251EFA0D60008E1D7C /* LoginWebSocket.swift */,
			);
			name = WebSocket;
			sourceTree = "<group>";
		};
		8961C98B1E761E1E00D84B5C /* Utils */ = {
			isa = PBXGroup;
			children = (
				89B338181E49F7A400610EA3 /* StalkrExtensions.swift */,
				8961C98C1E761E4900D84B5C /* ListClasses.swift */,
			);
			name = Utils;
			sourceTree = "<group>";
		};
		89AE2A5C1EF7FEE800CD2948 /* NetworkManager */ = {
			isa = PBXGroup;
			children = (
				89DEFD6C1EFA94BB0086F78B /* Environment.swift */,
				8960D21E1EF9414D008E1D7C /* UserSession */,
				8960D2221EFA0BE3008E1D7C /* WebSocket */,
				8960D21D1EF94127008E1D7C /* Request */,
				8960D21F1EF94213008E1D7C /* DefaultNetwork */,
			);
			name = NetworkManager;
			sourceTree = "<group>";
		};
		89AE2A5F1EF8025500CD2948 /* Requests */ = {
			isa = PBXGroup;
			children = (
				89AE2A601EF8025F00CD2948 /* UserRequest.swift */,
			);
			name = Requests;
			sourceTree = "<group>";
		};
		89AE2A641EF80A1500CD2948 /* Dispatchers */ = {
			isa = PBXGroup;
			children = (
				89AE2A651EF80A3800CD2948 /* ServerDispatcher.swift */,
			);
			name = Dispatchers;
			sourceTree = "<group>";
		};
		89AE2A6B1EF86D8200CD2948 /* Tasks */ = {
			isa = PBXGroup;
			children = (
				89AE2A6C1EF86DB300CD2948 /* LoginTask.swift */,
				8960D21B1EF8C8D4008E1D7C /* GetUsernameTask.swift */,
			);
			name = Tasks;
			sourceTree = "<group>";
		};
		89B337E61E48BB9F00610EA3 = {
			isa = PBXGroup;
			children = (
				89B337F11E48BB9F00610EA3 /* stalkr */,
				89B337F01E48BB9F00610EA3 /* Products */,
				BE5274D6EDF17265D484357B /* Pods */,
				4FDD7FC04E14B747DC62038B /* Frameworks */,
			);
			sourceTree = "<group>";
		};
		89B337F01E48BB9F00610EA3 /* Products */ = {
			isa = PBXGroup;
			children = (
				89B337EF1E48BB9F00610EA3 /* stalkr.app */,
			);
			name = Products;
			sourceTree = "<group>";
		};
		89B337F11E48BB9F00610EA3 /* stalkr */ = {
			isa = PBXGroup;
			children = (
				89B337F21E48BB9F00610EA3 /* AppDelegate.swift */,
				89B337F91E48BB9F00610EA3 /* Assets.xcassets */,
				89B337FB1E48BB9F00610EA3 /* Info.plist */,
				89D598B41E718C4900B27927 /* UserSession.swift */,
				891F50C51E8DF4E70085A060 /* LoadingView.swift */,
				89AE2A5C1EF7FEE800CD2948 /* NetworkManager */,
				89C36AD41EF400E000E5342C /* Views */,
				89D598B81E718E3D00B27927 /* Project */,
				89B338031E48C0B700610EA3 /* SlotableCell */,
				8961C98B1E761E1E00D84B5C /* Utils */,
			);
			path = stalkr;
			sourceTree = "<group>";
		};
		89B338031E48C0B700610EA3 /* SlotableCell */ = {
			isa = PBXGroup;
			children = (
				89B338011E48C08400610EA3 /* SlotableCell.swift */,
				89276ED71E54BBE800D99D4E /* SubscriberCell.swift */,
				892DECC91E5F258400676056 /* SlotableCellConfiguration.swift */,
				89C994C91E5481D700DBADBA /* CellTrevis */,
				892E73E01E589380007483E1 /* CellCommitsFeed */,
				892E73E11E58A555007483E1 /* CellTeamCommits */,
				892E73E61E58F39A007483E1 /* CellCloudPerformance */,
				89C467531E596230003CF8F2 /* CellDeployStatus */,
			);
			name = SlotableCell;
			sourceTree = "<group>";
		};
		89C36AD41EF400E000E5342C /* Views */ = {
			isa = PBXGroup;
			children = (
				89C36AD91EF402E100E5342C /* Authentication */,
				89C36AD51EF400E600E5342C /* SideMenuBased */,
				89C36AD61EF4010600E5342C /* Projects */,
				89C36AD71EF4014100E5342C /* CreateProject */,
				89C36AD81EF4017300E5342C /* Account */,
			);
			name = Views;
			sourceTree = "<group>";
		};
		89C36AD51EF400E600E5342C /* SideMenuBased */ = {
			isa = PBXGroup;
			children = (
				89B337F61E48BB9F00610EA3 /* SideMenuBased.storyboard */,
				CE85B3CD1E5349D900DA7287 /* SideMenuBasedController.swift */,
				CE52C5381E61059300FC6C40 /* SidebarProtocol.swift */,
				CE3DC3111E54807D008F88EE /* SidebarController.swift */,
				CE2E76401E5C737C00D5EC5C /* CellSidebarMenu.swift */,
			);
			name = SideMenuBased;
			sourceTree = "<group>";
		};
		89C36AD61EF4010600E5342C /* Projects */ = {
			isa = PBXGroup;
			children = (
				892E1DD31EEECABD0098A0FC /* ProjectsView.storyboard */,
				CE52C5361E60ED5100FC6C40 /* ProjectsViewController.swift */,
				893E5B671EB4495B00255CA9 /* EmbededGridController.swift */,
			);
			name = Projects;
			sourceTree = "<group>";
		};
		89C36AD71EF4014100E5342C /* CreateProject */ = {
			isa = PBXGroup;
			children = (
				892E1DD51EEFFD620098A0FC /* CreateProject.storyboard */,
				89C7784B1E6EEB86008926E7 /* CreateGridViewController.swift */,
			);
			name = CreateProject;
			sourceTree = "<group>";
		};
		89C36AD81EF4017300E5342C /* Account */ = {
			isa = PBXGroup;
			children = (
				896BF3011EF031F3003AED46 /* Account.storyboard */,
				890E0C841E7248990083C76E /* AccountViewController.swift */,
			);
			name = Account;
			sourceTree = "<group>";
		};
		89C36AD91EF402E100E5342C /* Authentication */ = {
			isa = PBXGroup;
			children = (
				89C36ADA1EF4035000E5342C /* Authentication.storyboard */,
				89C36ADC1EF40BBD00E5342C /* AuthenticationViewController.swift */,
			);
			name = Authentication;
			sourceTree = "<group>";
		};
		89C467531E596230003CF8F2 /* CellDeployStatus */ = {
			isa = PBXGroup;
			children = (
				89C467541E596250003CF8F2 /* CellDeployStatus.swift */,
				89C467561E596258003CF8F2 /* CellDeployStatus.xib */,
			);
			name = CellDeployStatus;
			sourceTree = "<group>";
		};
		89C994C91E5481D700DBADBA /* CellTrevis */ = {
			isa = PBXGroup;
			children = (
				892DD7C31E5624F1000482C0 /* TravisBuildRegister.swift */,
				89C994AA1E547C6E00DBADBA /* CellTrevis.swift */,
				89C994AC1E547CDE00DBADBA /* CellTrevis.xib */,
				89C994CC1E5482C900DBADBA /* CellTrevisTableCell.swift */,
				89C994CA1E54820900DBADBA /* CellTrevisTableCell.xib */,
			);
			name = CellTrevis;
			sourceTree = "<group>";
		};
		89D598B81E718E3D00B27927 /* Project */ = {
			isa = PBXGroup;
			children = (
				89D598B61E718E2D00B27927 /* Project.swift */,
			);
			name = Project;
			sourceTree = "<group>";
		};
		BE5274D6EDF17265D484357B /* Pods */ = {
			isa = PBXGroup;
			children = (
				9924C7B765C9FBEEE07466DA /* Pods-stalkr.debug.xcconfig */,
				8DA58B41991C641DBFD4F4DC /* Pods-stalkr.release.xcconfig */,
			);
			name = Pods;
			sourceTree = "<group>";
		};
/* End PBXGroup section */

/* Begin PBXNativeTarget section */
		89B337EE1E48BB9F00610EA3 /* stalkr */ = {
			isa = PBXNativeTarget;
			buildConfigurationList = 89B337FE1E48BB9F00610EA3 /* Build configuration list for PBXNativeTarget "stalkr" */;
			buildPhases = (
				DD392ACE4C0BE03A1BD2581D /* [CP] Check Pods Manifest.lock */,
				89B337EB1E48BB9F00610EA3 /* Sources */,
				89B337EC1E48BB9F00610EA3 /* Frameworks */,
				89B337ED1E48BB9F00610EA3 /* Resources */,
				1C343D1C0826F19369CE0A3A /* [CP] Embed Pods Frameworks */,
				6C7F9672469A27B618FD7288 /* [CP] Copy Pods Resources */,
			);
			buildRules = (
			);
			dependencies = (
			);
			name = stalkr;
			productName = stalkr;
			productReference = 89B337EF1E48BB9F00610EA3 /* stalkr.app */;
			productType = "com.apple.product-type.application";
		};
/* End PBXNativeTarget section */

/* Begin PBXProject section */
		89B337E71E48BB9F00610EA3 /* Project object */ = {
			isa = PBXProject;
			attributes = {
				LastSwiftUpdateCheck = 0820;
				LastUpgradeCheck = 0820;
				ORGANIZATIONNAME = "Bruno Macabeus Aquino";
				TargetAttributes = {
					89B337EE1E48BB9F00610EA3 = {
						CreatedOnToolsVersion = 8.2.1;
						DevelopmentTeam = 56KUK57QCP;
						ProvisioningStyle = Automatic;
					};
				};
			};
			buildConfigurationList = 89B337EA1E48BB9F00610EA3 /* Build configuration list for PBXProject "stalkr" */;
			compatibilityVersion = "Xcode 3.2";
			developmentRegion = English;
			hasScannedForEncodings = 0;
			knownRegions = (
				en,
				Base,
			);
			mainGroup = 89B337E61E48BB9F00610EA3;
			productRefGroup = 89B337F01E48BB9F00610EA3 /* Products */;
			projectDirPath = "";
			projectRoot = "";
			targets = (
				89B337EE1E48BB9F00610EA3 /* stalkr */,
			);
		};
/* End PBXProject section */

/* Begin PBXResourcesBuildPhase section */
		89B337ED1E48BB9F00610EA3 /* Resources */ = {
			isa = PBXResourcesBuildPhase;
			buildActionMask = 2147483647;
			files = (
				89B337FA1E48BB9F00610EA3 /* Assets.xcassets in Resources */,
				89A6663F1E5DB9C0007F8A7A /* CellTeamCommitsZoom.xib in Resources */,
				89C994AD1E547CDE00DBADBA /* CellTrevis.xib in Resources */,
				892E73E51E58A59B007483E1 /* CellTeamCommits.xib in Resources */,
				89C467571E596258003CF8F2 /* CellDeployStatus.xib in Resources */,
				89C994CB1E54820900DBADBA /* CellTrevisTableCell.xib in Resources */,
				892E1DD61EEFFD630098A0FC /* CreateProject.storyboard in Resources */,
				892E73EA1E58F56F007483E1 /* CellCloudPerformance.xib in Resources */,
				89C36ADB1EF4035000E5342C /* Authentication.storyboard in Resources */,
				892E73DF1E589378007483E1 /* CellCommitsFeedTableCell.xib in Resources */,
				892E73DD1E589378007483E1 /* CellCommitsFeed.xib in Resources */,
				896BF3021EF031F3003AED46 /* Account.storyboard in Resources */,
				892E1DD41EEECABD0098A0FC /* ProjectsView.storyboard in Resources */,
				89B337F81E48BB9F00610EA3 /* SideMenuBased.storyboard in Resources */,
			);
			runOnlyForDeploymentPostprocessing = 0;
		};
/* End PBXResourcesBuildPhase section */

/* Begin PBXShellScriptBuildPhase section */
		1C343D1C0826F19369CE0A3A /* [CP] Embed Pods Frameworks */ = {
			isa = PBXShellScriptBuildPhase;
			buildActionMask = 2147483647;
			files = (
			);
			inputPaths = (
			);
			name = "[CP] Embed Pods Frameworks";
			outputPaths = (
			);
			runOnlyForDeploymentPostprocessing = 0;
			shellPath = /bin/sh;
			shellScript = "\"${SRCROOT}/Pods/Target Support Files/Pods-stalkr/Pods-stalkr-frameworks.sh\"\n";
			showEnvVarsInLog = 0;
		};
		6C7F9672469A27B618FD7288 /* [CP] Copy Pods Resources */ = {
			isa = PBXShellScriptBuildPhase;
			buildActionMask = 2147483647;
			files = (
			);
			inputPaths = (
			);
			name = "[CP] Copy Pods Resources";
			outputPaths = (
			);
			runOnlyForDeploymentPostprocessing = 0;
			shellPath = /bin/sh;
			shellScript = "\"${SRCROOT}/Pods/Target Support Files/Pods-stalkr/Pods-stalkr-resources.sh\"\n";
			showEnvVarsInLog = 0;
		};
		DD392ACE4C0BE03A1BD2581D /* [CP] Check Pods Manifest.lock */ = {
			isa = PBXShellScriptBuildPhase;
			buildActionMask = 2147483647;
			files = (
			);
			inputPaths = (
			);
			name = "[CP] Check Pods Manifest.lock";
			outputPaths = (
			);
			runOnlyForDeploymentPostprocessing = 0;
			shellPath = /bin/sh;
			shellScript = "diff \"${PODS_PODFILE_DIR_PATH}/Podfile.lock\" \"${PODS_ROOT}/Manifest.lock\" > /dev/null\nif [ $? != 0 ] ; then\n    # print error to STDERR\n    echo \"error: The sandbox is not in sync with the Podfile.lock. Run 'pod install' or update your CocoaPods installation.\" >&2\n    exit 1\nfi\n";
			showEnvVarsInLog = 0;
		};
/* End PBXShellScriptBuildPhase section */

/* Begin PBXSourcesBuildPhase section */
		89B337EB1E48BB9F00610EA3 /* Sources */ = {
			isa = PBXSourcesBuildPhase;
			buildActionMask = 2147483647;
			files = (
				89AE2A661EF80A3800CD2948 /* ServerDispatcher.swift in Sources */,
				89AE2A6D1EF86DB300CD2948 /* LoginTask.swift in Sources */,
				892DECCA1E5F258400676056 /* SlotableCellConfiguration.swift in Sources */,
				89C7784C1E6EEB86008926E7 /* CreateGridViewController.swift in Sources */,
				89B337F31E48BB9F00610EA3 /* AppDelegate.swift in Sources */,
				89AE2A5E1EF7FF0000CD2948 /* Request.swift in Sources */,
				8960D21C1EF8C8D4008E1D7C /* GetUsernameTask.swift in Sources */,
				CE52C5391E61059300FC6C40 /* SidebarProtocol.swift in Sources */,
				89C994AB1E547C6E00DBADBA /* CellTrevis.swift in Sources */,
				8961C98D1E761E4900D84B5C /* ListClasses.swift in Sources */,
				89DEFD731EFB6E790086F78B /* WebSocketExtension.swift in Sources */,
				892DD7C41E5624F1000482C0 /* TravisBuildRegister.swift in Sources */,
				89AE2A611EF8025F00CD2948 /* UserRequest.swift in Sources */,
				891F50C61E8DF4E80085A060 /* LoadingView.swift in Sources */,
				890E0C851E7248990083C76E /* AccountViewController.swift in Sources */,
				892DECC81E5E308900676056 /* CellTeamCommitsZoom.swift in Sources */,
				89AE2A6A1EF86D3200CD2948 /* Task.swift in Sources */,
				89B338191E49F7A400610EA3 /* StalkrExtensions.swift in Sources */,
				CE3DC3121E54807D008F88EE /* SidebarController.swift in Sources */,
				892E73E31E58A581007483E1 /* CellTeamCommits.swift in Sources */,
				89AE2A631EF8095600CD2948 /* ExecuteRequest.swift in Sources */,
				89276ED81E54BBE800D99D4E /* SubscriberCell.swift in Sources */,
				893E5B681EB4495B00255CA9 /* EmbededGridController.swift in Sources */,
				8960D21A1EF8C261008E1D7C /* DefaultNetwork.swift in Sources */,
				892E73E81E58F487007483E1 /* CellCloudPerformance.swift in Sources */,
				892E73DC1E589378007483E1 /* CellCommitsFeed.swift in Sources */,
				8960D2241EFA0C05008E1D7C /* WebSocketProtocol.swift in Sources */,
				89C994CD1E5482C900DBADBA /* CellTrevisTableCell.swift in Sources */,
				8960D2261EFA0D60008E1D7C /* LoginWebSocket.swift in Sources */,
				CE2E76411E5C737C00D5EC5C /* CellSidebarMenu.swift in Sources */,
				89B338021E48C08400610EA3 /* SlotableCell.swift in Sources */,
				89AE2A681EF80B4300CD2948 /* Response.swift in Sources */,
				CE52C5371E60ED5100FC6C40 /* ProjectsViewController.swift in Sources */,
				89DEFD6F1EFAB47B0086F78B /* BaseWebSocketDelegate.swift in Sources */,
				8960D2211EF9429B008E1D7C /* SessionContext.swift in Sources */,
				89C467551E596250003CF8F2 /* CellDeployStatus.swift in Sources */,
				8917E4AD1E6925FF001BD42A /* CommitRegister.swift in Sources */,
				89D598B51E718C4900B27927 /* UserSession.swift in Sources */,
				89DEFD6D1EFA94BB0086F78B /* Environment.swift in Sources */,
				89C36ADD1EF40BBD00E5342C /* AuthenticationViewController.swift in Sources */,
				892E73DE1E589378007483E1 /* CellCommitsFeedTableCell.swift in Sources */,
				CE85B3CE1E5349D900DA7287 /* SideMenuBasedController.swift in Sources */,
				89D598B71E718E2D00B27927 /* Project.swift in Sources */,
			);
			runOnlyForDeploymentPostprocessing = 0;
		};
/* End PBXSourcesBuildPhase section */

/* Begin PBXVariantGroup section */
		89B337F61E48BB9F00610EA3 /* SideMenuBased.storyboard */ = {
			isa = PBXVariantGroup;
			children = (
				89B337F71E48BB9F00610EA3 /* Base */,
			);
			name = SideMenuBased.storyboard;
			sourceTree = "<group>";
		};
/* End PBXVariantGroup section */

/* Begin XCBuildConfiguration section */
		89B337FC1E48BB9F00610EA3 /* Debug */ = {
			isa = XCBuildConfiguration;
			buildSettings = {
				ALWAYS_SEARCH_USER_PATHS = NO;
				CLANG_ANALYZER_NONNULL = YES;
				CLANG_CXX_LANGUAGE_STANDARD = "gnu++0x";
				CLANG_CXX_LIBRARY = "libc++";
				CLANG_ENABLE_MODULES = YES;
				CLANG_ENABLE_OBJC_ARC = YES;
				CLANG_WARN_BOOL_CONVERSION = YES;
				CLANG_WARN_CONSTANT_CONVERSION = YES;
				CLANG_WARN_DIRECT_OBJC_ISA_USAGE = YES_ERROR;
				CLANG_WARN_DOCUMENTATION_COMMENTS = YES;
				CLANG_WARN_EMPTY_BODY = YES;
				CLANG_WARN_ENUM_CONVERSION = YES;
				CLANG_WARN_INFINITE_RECURSION = YES;
				CLANG_WARN_INT_CONVERSION = YES;
				CLANG_WARN_OBJC_ROOT_CLASS = YES_ERROR;
				CLANG_WARN_SUSPICIOUS_MOVE = YES;
				CLANG_WARN_UNREACHABLE_CODE = YES;
				CLANG_WARN__DUPLICATE_METHOD_MATCH = YES;
				COPY_PHASE_STRIP = NO;
				DEBUG_INFORMATION_FORMAT = dwarf;
				ENABLE_STRICT_OBJC_MSGSEND = YES;
				ENABLE_TESTABILITY = YES;
				GCC_C_LANGUAGE_STANDARD = gnu99;
				GCC_DYNAMIC_NO_PIC = NO;
				GCC_NO_COMMON_BLOCKS = YES;
				GCC_OPTIMIZATION_LEVEL = 0;
				GCC_PREPROCESSOR_DEFINITIONS = (
					"DEBUG=1",
					"$(inherited)",
				);
				GCC_WARN_64_TO_32_BIT_CONVERSION = YES;
				GCC_WARN_ABOUT_RETURN_TYPE = YES_ERROR;
				GCC_WARN_UNDECLARED_SELECTOR = YES;
				GCC_WARN_UNINITIALIZED_AUTOS = YES_AGGRESSIVE;
				GCC_WARN_UNUSED_FUNCTION = YES;
				GCC_WARN_UNUSED_VARIABLE = YES;
				MTL_ENABLE_DEBUG_INFO = YES;
				ONLY_ACTIVE_ARCH = YES;
				SDKROOT = appletvos;
				SWIFT_ACTIVE_COMPILATION_CONDITIONS = DEBUG;
				SWIFT_OPTIMIZATION_LEVEL = "-Onone";
				TARGETED_DEVICE_FAMILY = 3;
				TVOS_DEPLOYMENT_TARGET = 10.1;
			};
			name = Debug;
		};
		89B337FD1E48BB9F00610EA3 /* Release */ = {
			isa = XCBuildConfiguration;
			buildSettings = {
				ALWAYS_SEARCH_USER_PATHS = NO;
				CLANG_ANALYZER_NONNULL = YES;
				CLANG_CXX_LANGUAGE_STANDARD = "gnu++0x";
				CLANG_CXX_LIBRARY = "libc++";
				CLANG_ENABLE_MODULES = YES;
				CLANG_ENABLE_OBJC_ARC = YES;
				CLANG_WARN_BOOL_CONVERSION = YES;
				CLANG_WARN_CONSTANT_CONVERSION = YES;
				CLANG_WARN_DIRECT_OBJC_ISA_USAGE = YES_ERROR;
				CLANG_WARN_DOCUMENTATION_COMMENTS = YES;
				CLANG_WARN_EMPTY_BODY = YES;
				CLANG_WARN_ENUM_CONVERSION = YES;
				CLANG_WARN_INFINITE_RECURSION = YES;
				CLANG_WARN_INT_CONVERSION = YES;
				CLANG_WARN_OBJC_ROOT_CLASS = YES_ERROR;
				CLANG_WARN_SUSPICIOUS_MOVE = YES;
				CLANG_WARN_UNREACHABLE_CODE = YES;
				CLANG_WARN__DUPLICATE_METHOD_MATCH = YES;
				COPY_PHASE_STRIP = NO;
				DEBUG_INFORMATION_FORMAT = "dwarf-with-dsym";
				ENABLE_NS_ASSERTIONS = NO;
				ENABLE_STRICT_OBJC_MSGSEND = YES;
				GCC_C_LANGUAGE_STANDARD = gnu99;
				GCC_NO_COMMON_BLOCKS = YES;
				GCC_WARN_64_TO_32_BIT_CONVERSION = YES;
				GCC_WARN_ABOUT_RETURN_TYPE = YES_ERROR;
				GCC_WARN_UNDECLARED_SELECTOR = YES;
				GCC_WARN_UNINITIALIZED_AUTOS = YES_AGGRESSIVE;
				GCC_WARN_UNUSED_FUNCTION = YES;
				GCC_WARN_UNUSED_VARIABLE = YES;
				MTL_ENABLE_DEBUG_INFO = NO;
				SDKROOT = appletvos;
				SWIFT_OPTIMIZATION_LEVEL = "-Owholemodule";
				TARGETED_DEVICE_FAMILY = 3;
				TVOS_DEPLOYMENT_TARGET = 10.1;
				VALIDATE_PRODUCT = YES;
			};
			name = Release;
		};
		89B337FF1E48BB9F00610EA3 /* Debug */ = {
			isa = XCBuildConfiguration;
			baseConfigurationReference = 9924C7B765C9FBEEE07466DA /* Pods-stalkr.debug.xcconfig */;
			buildSettings = {
				ASSETCATALOG_COMPILER_APPICON_NAME = "App Icon & Top Shelf Image";
				ASSETCATALOG_COMPILER_LAUNCHIMAGE_NAME = LaunchImage;
				DEVELOPMENT_TEAM = 56KUK57QCP;
				INFOPLIST_FILE = stalkr/Info.plist;
				LD_RUNPATH_SEARCH_PATHS = "$(inherited) @executable_path/Frameworks";
				PRODUCT_BUNDLE_IDENTIFIER = stalkrdashboard;
				PRODUCT_NAME = "$(TARGET_NAME)";
				SWIFT_VERSION = 3.0;
				TVOS_DEPLOYMENT_TARGET = 10.2;
			};
			name = Debug;
		};
		89B338001E48BB9F00610EA3 /* Release */ = {
			isa = XCBuildConfiguration;
			baseConfigurationReference = 8DA58B41991C641DBFD4F4DC /* Pods-stalkr.release.xcconfig */;
			buildSettings = {
				ASSETCATALOG_COMPILER_APPICON_NAME = "App Icon & Top Shelf Image";
				ASSETCATALOG_COMPILER_LAUNCHIMAGE_NAME = LaunchImage;
				DEVELOPMENT_TEAM = 56KUK57QCP;
				INFOPLIST_FILE = stalkr/Info.plist;
				LD_RUNPATH_SEARCH_PATHS = "$(inherited) @executable_path/Frameworks";
				PRODUCT_BUNDLE_IDENTIFIER = stalkrdashboard;
				PRODUCT_NAME = "$(TARGET_NAME)";
				SWIFT_VERSION = 3.0;
				TVOS_DEPLOYMENT_TARGET = 10.2;
			};
			name = Release;
		};
/* End XCBuildConfiguration section */

/* Begin XCConfigurationList section */
		89B337EA1E48BB9F00610EA3 /* Build configuration list for PBXProject "stalkr" */ = {
			isa = XCConfigurationList;
			buildConfigurations = (
				89B337FC1E48BB9F00610EA3 /* Debug */,
				89B337FD1E48BB9F00610EA3 /* Release */,
			);
			defaultConfigurationIsVisible = 0;
			defaultConfigurationName = Release;
		};
		89B337FE1E48BB9F00610EA3 /* Build configuration list for PBXNativeTarget "stalkr" */ = {
			isa = XCConfigurationList;
			buildConfigurations = (
				89B337FF1E48BB9F00610EA3 /* Debug */,
				89B338001E48BB9F00610EA3 /* Release */,
			);
			defaultConfigurationIsVisible = 0;
			defaultConfigurationName = Release;
		};
/* End XCConfigurationList section */
	};
	rootObject = 89B337E71E48BB9F00610EA3 /* Project object */;
}
